// !$*UTF8*$!
{
	archiveVersion = 1;
	classes = {
	};
	objectVersion = 50;
	objects = {

/* Begin PBXBuildFile section */
		E500E05321BF8BF7001E694B /* MIDCreditCardCharge.m in Sources */ = {isa = PBXBuildFile; fileRef = E500E05221BF8BF7001E694B /* MIDCreditCardCharge.m */; };
		E500E05621BF8CD4001E694B /* MIDCreditCardTokenize.m in Sources */ = {isa = PBXBuildFile; fileRef = E500E05521BF8CD4001E694B /* MIDCreditCardTokenize.m */; };
		E515DF402195B87B006E615A /* MIDNetwork.m in Sources */ = {isa = PBXBuildFile; fileRef = E515DF3F2195B87B006E615A /* MIDNetwork.m */; };
		E515DF472195C3B3006E615A /* MIDNetworkService.m in Sources */ = {isa = PBXBuildFile; fileRef = E515DF462195C3B3006E615A /* MIDNetworkService.m */; };
		E515DF4B2195E757006E615A /* MIDNetworkHelper.m in Sources */ = {isa = PBXBuildFile; fileRef = E515DF4A2195E757006E615A /* MIDNetworkHelper.m */; };
		E515DF4E2195E9C4006E615A /* MIDVendor.m in Sources */ = {isa = PBXBuildFile; fileRef = E515DF4D2195E9C4006E615A /* MIDVendor.m */; };
		E5163BFA219613FD00A24E59 /* MIDCheckoutTransaction.m in Sources */ = {isa = PBXBuildFile; fileRef = E5163BF9219613FD00A24E59 /* MIDCheckoutTransaction.m */; };
		E5163BFD219614A600A24E59 /* MIDAddress.m in Sources */ = {isa = PBXBuildFile; fileRef = E5163BFC219614A600A24E59 /* MIDAddress.m */; };
		E5163C0C2196CB0900A24E59 /* MIDToken.m in Sources */ = {isa = PBXBuildFile; fileRef = E5163C0B2196CB0900A24E59 /* MIDToken.m */; };
		E5163C0F2196CC9C00A24E59 /* MIDPaymentInfo.m in Sources */ = {isa = PBXBuildFile; fileRef = E5163C0E2196CC9C00A24E59 /* MIDPaymentInfo.m */; };
		E5163C1221972D7800A24E59 /* MIDCallbackInfo.m in Sources */ = {isa = PBXBuildFile; fileRef = E5163C1121972D7800A24E59 /* MIDCallbackInfo.m */; };
		E5163C1521972E2E00A24E59 /* MIDCreditCardInfo.m in Sources */ = {isa = PBXBuildFile; fileRef = E5163C1421972E2E00A24E59 /* MIDCreditCardInfo.m */; };
		E5163C1821972E4F00A24E59 /* MIDPaymentMethodInfo.m in Sources */ = {isa = PBXBuildFile; fileRef = E5163C1721972E4F00A24E59 /* MIDPaymentMethodInfo.m */; };
		E5163C1B21972E6F00A24E59 /* MIDNotificationSettingsInfo.m in Sources */ = {isa = PBXBuildFile; fileRef = E5163C1A21972E6F00A24E59 /* MIDNotificationSettingsInfo.m */; };
		E5163C1E21972E8800A24E59 /* MIDPreferenceInfo.m in Sources */ = {isa = PBXBuildFile; fileRef = E5163C1D21972E8800A24E59 /* MIDPreferenceInfo.m */; };
		E5163C2121972EA000A24E59 /* MIDMerchantInfo.m in Sources */ = {isa = PBXBuildFile; fileRef = E5163C2021972EA000A24E59 /* MIDMerchantInfo.m */; };
		E5163C2421972EB900A24E59 /* MIDPromoInfo.m in Sources */ = {isa = PBXBuildFile; fileRef = E5163C2321972EB900A24E59 /* MIDPromoInfo.m */; };
		E5163C2721972EDE00A24E59 /* MIDTransactionInfo.m in Sources */ = {isa = PBXBuildFile; fileRef = E5163C2621972EDE00A24E59 /* MIDTransactionInfo.m */; };
		E530597821EECB3900545CF4 /* MIDCreditCardTest.m in Sources */ = {isa = PBXBuildFile; fileRef = E530597721EECB3900545CF4 /* MIDCreditCardTest.m */; };
		E5317FFD21AD2C6E005C0940 /* MIDGopayPayment.m in Sources */ = {isa = PBXBuildFile; fileRef = E5317FFC21AD2C6E005C0940 /* MIDGopayPayment.m */; };
		E531800021AD2C80005C0940 /* MIDIndomaretPayment.m in Sources */ = {isa = PBXBuildFile; fileRef = E5317FFF21AD2C80005C0940 /* MIDIndomaretPayment.m */; };
		E537341721DDE25F0095746A /* MIDPointResponse.m in Sources */ = {isa = PBXBuildFile; fileRef = E537341621DDE25F0095746A /* MIDPointResponse.m */; };
		E537341A21DDEF490095746A /* MIDInstallmentTerm.m in Sources */ = {isa = PBXBuildFile; fileRef = E537341921DDEF490095746A /* MIDInstallmentTerm.m */; };
		E537342021DE03B00095746A /* MIDInstallmentInfo.m in Sources */ = {isa = PBXBuildFile; fileRef = E537341F21DE03B00095746A /* MIDInstallmentInfo.m */; };
		E53A0B3F21BA222600BA0BE0 /* MIDKlikbcaResult.m in Sources */ = {isa = PBXBuildFile; fileRef = E58DD71421BA2162009C56B7 /* MIDKlikbcaResult.m */; };
		E53C0D2221E34A460006852E /* MIDTestHelper.m in Sources */ = {isa = PBXBuildFile; fileRef = E53C0D2121E34A460006852E /* MIDTestHelper.m */; };
		E543E24D21B75B8F00969B7F /* MIDWebPaymentResult.m in Sources */ = {isa = PBXBuildFile; fileRef = E543E24C21B75B8F00969B7F /* MIDWebPaymentResult.m */; };
		E543E24F21B7767700969B7F /* MIDBankTransferTest.m in Sources */ = {isa = PBXBuildFile; fileRef = E543E24E21B7767700969B7F /* MIDBankTransferTest.m */; };
		E545E0C421B50183005C1EB3 /* MIDBankTransferCharge.m in Sources */ = {isa = PBXBuildFile; fileRef = E545E0C321B50183005C1EB3 /* MIDBankTransferCharge.m */; };
		E545E0CF21B503B0005C1EB3 /* MIDBCABankTransferResult.m in Sources */ = {isa = PBXBuildFile; fileRef = E545E0CE21B503B0005C1EB3 /* MIDBCABankTransferResult.m */; };
		E545E0D221B503C1005C1EB3 /* MIDBNIBankTransferResult.m in Sources */ = {isa = PBXBuildFile; fileRef = E545E0D121B503C1005C1EB3 /* MIDBNIBankTransferResult.m */; };
		E545E0D521B503CD005C1EB3 /* MIDPermataBankTransferResult.m in Sources */ = {isa = PBXBuildFile; fileRef = E545E0D421B503CD005C1EB3 /* MIDPermataBankTransferResult.m */; };
		E545E0D821B503DA005C1EB3 /* MIDMandiriBankTransferResult.m in Sources */ = {isa = PBXBuildFile; fileRef = E545E0D721B503DA005C1EB3 /* MIDMandiriBankTransferResult.m */; };
		E545E0DB21B518EE005C1EB3 /* MIDPaymentHelper.m in Sources */ = {isa = PBXBuildFile; fileRef = E545E0DA21B518EE005C1EB3 /* MIDPaymentHelper.m */; };
		E55122D12195EE0200DA3621 /* MIDConfig.m in Sources */ = {isa = PBXBuildFile; fileRef = E55122D02195EE0200DA3621 /* MIDConfig.m */; };
		E55122D62195FFBB00DA3621 /* MIDRequestBuilder.m in Sources */ = {isa = PBXBuildFile; fileRef = E55122D52195FFBB00DA3621 /* MIDRequestBuilder.m */; };
		E55122DB2196056F00DA3621 /* MIDCustomerDetails.m in Sources */ = {isa = PBXBuildFile; fileRef = E55122DA2196056F00DA3621 /* MIDCustomerDetails.m */; };
		E55122DE2196066400DA3621 /* MIDModelHelper.m in Sources */ = {isa = PBXBuildFile; fileRef = E55122DD2196066400DA3621 /* MIDModelHelper.m */; };
		E55122E1219607DE00DA3621 /* MIDItem.m in Sources */ = {isa = PBXBuildFile; fileRef = E55122E0219607DE00DA3621 /* MIDItem.m */; };
		E552253E21D3635900F0217E /* MIDCreditCardTokenizer.m in Sources */ = {isa = PBXBuildFile; fileRef = E552253D21D3635900F0217E /* MIDCreditCardTokenizer.m */; };
		E55CBF75219BF0C300721462 /* MIDClient.m in Sources */ = {isa = PBXBuildFile; fileRef = E5D3C7E62192D8B30090DDAE /* MIDClient.m */; };
		E55D708D21E8735800718EDF /* MIDMandiriClickpayTest.m in Sources */ = {isa = PBXBuildFile; fileRef = E55D708C21E8735800718EDF /* MIDMandiriClickpayTest.m */; };
		E55D708F21E8747A00718EDF /* MIDCheckoutTest.m in Sources */ = {isa = PBXBuildFile; fileRef = E55D708E21E8747A00718EDF /* MIDCheckoutTest.m */; };
		E55D709121E8782C00718EDF /* MIDKlikbcaTest.m in Sources */ = {isa = PBXBuildFile; fileRef = E55D709021E8782C00718EDF /* MIDKlikbcaTest.m */; };
		E57ADEDE21D48419001B52AB /* MIDTokenizeConfig.m in Sources */ = {isa = PBXBuildFile; fileRef = E57ADEDD21D48419001B52AB /* MIDTokenizeConfig.m */; };
		E57ADEE121D4A992001B52AB /* MIDChargeInstallment.m in Sources */ = {isa = PBXBuildFile; fileRef = E57ADEE021D4A992001B52AB /* MIDChargeInstallment.m */; };
		E57ADEE421D4B8C7001B52AB /* MIDSavedCardInfo.m in Sources */ = {isa = PBXBuildFile; fileRef = E57ADEE321D4B8C7001B52AB /* MIDSavedCardInfo.m */; };
		E57F6F9821B65320003CF48F /* MIDEWalletCharge.m in Sources */ = {isa = PBXBuildFile; fileRef = E57F6F9721B65320003CF48F /* MIDEWalletCharge.m */; };
		E57F6F9E21B65395003CF48F /* MIDDirectDebitCharge.m in Sources */ = {isa = PBXBuildFile; fileRef = E57F6F9D21B65395003CF48F /* MIDDirectDebitCharge.m */; };
		E57F6FA121B653A6003CF48F /* MIDStoreCharge.m in Sources */ = {isa = PBXBuildFile; fileRef = E57F6FA021B653A6003CF48F /* MIDStoreCharge.m */; };
		E581884821A5097E00B10645 /* MIDWebPayment.m in Sources */ = {isa = PBXBuildFile; fileRef = E581884621A5097E00B10645 /* MIDWebPayment.m */; };
		E581884B21A50ACB00B10645 /* MIDMandiriClickpayPayment.m in Sources */ = {isa = PBXBuildFile; fileRef = E581884A21A50ACB00B10645 /* MIDMandiriClickpayPayment.m */; };
		E58CC6BA21A65072007879FB /* MIDCheckoutExpiry.m in Sources */ = {isa = PBXBuildFile; fileRef = E58CC6B921A65072007879FB /* MIDCheckoutExpiry.m */; };
		E58CC6BD21A65705007879FB /* MIDCustomField.m in Sources */ = {isa = PBXBuildFile; fileRef = E58CC6BC21A65705007879FB /* MIDCustomField.m */; };
		E58CC6C121A663FB007879FB /* MIDPaymentResult.m in Sources */ = {isa = PBXBuildFile; fileRef = E58CC6C021A663FB007879FB /* MIDPaymentResult.m */; };
		E58CC6C421A6A283007879FB /* MIDCheckoutGoPay.m in Sources */ = {isa = PBXBuildFile; fileRef = E58CC6C321A6A283007879FB /* MIDCheckoutGoPay.m */; };
		E5915B2921A50C5200B66855 /* MIDBankTransferPayment.m in Sources */ = {isa = PBXBuildFile; fileRef = E5915B2821A50C5200B66855 /* MIDBankTransferPayment.m */; };
		E5915B2C21A510A400B66855 /* MIDKlikbcaPayment.m in Sources */ = {isa = PBXBuildFile; fileRef = E5915B2B21A510A400B66855 /* MIDKlikbcaPayment.m */; };
		E5915B2F21A511CC00B66855 /* MIDTelkomselCashPayment.m in Sources */ = {isa = PBXBuildFile; fileRef = E5915B2E21A511CC00B66855 /* MIDTelkomselCashPayment.m */; };
		E597253021B8D7C100CC2E30 /* MIDClickpayTokenize.m in Sources */ = {isa = PBXBuildFile; fileRef = E597252F21B8D7C100CC2E30 /* MIDClickpayTokenize.m */; };
		E597253421B9555400CC2E30 /* MIDClickpayResult.m in Sources */ = {isa = PBXBuildFile; fileRef = E597253321B9555400CC2E30 /* MIDClickpayResult.m */; };
		E597353021A28A0C005C9BA0 /* MIDCheckoutItems.m in Sources */ = {isa = PBXBuildFile; fileRef = E597352F21A28A0C005C9BA0 /* MIDCheckoutItems.m */; };
		E597353721A2A07F005C9BA0 /* MIDCreditCard.m in Sources */ = {isa = PBXBuildFile; fileRef = E597353621A2A07F005C9BA0 /* MIDCreditCard.m */; };
		E597353A21A2AA55005C9BA0 /* MIDInstallment.m in Sources */ = {isa = PBXBuildFile; fileRef = E597353921A2AA55005C9BA0 /* MIDInstallment.m */; };
		E5C07D8721DC9A5A0020C858 /* MIDCheckoutIdentifier.m in Sources */ = {isa = PBXBuildFile; fileRef = E5C07D8621DC9A5A0020C858 /* MIDCheckoutIdentifier.m */; };
		E5C07D8A21DC9F840020C858 /* MIDTokenizeResponse.m in Sources */ = {isa = PBXBuildFile; fileRef = E5C07D8921DC9F840020C858 /* MIDTokenizeResponse.m */; };
		E5C34D7B21E6032E002361C8 /* MIDSwiftViewController.swift in Sources */ = {isa = PBXBuildFile; fileRef = E5C34D7A21E6032E002361C8 /* MIDSwiftViewController.swift */; };
		E5C7CD2E21BD56E900C22045 /* MIDEWalletTest.m in Sources */ = {isa = PBXBuildFile; fileRef = E5C7CD2D21BD56E900C22045 /* MIDEWalletTest.m */; };
		E5C7CD3021BD56FA00C22045 /* MIDStoreTest.m in Sources */ = {isa = PBXBuildFile; fileRef = E5C7CD2F21BD56FA00C22045 /* MIDStoreTest.m */; };
		E5C7CD3221BD570F00C22045 /* MIDDirectDebitTest.m in Sources */ = {isa = PBXBuildFile; fileRef = E5C7CD3121BD570F00C22045 /* MIDDirectDebitTest.m */; };
		E5D21D5521B636570082ABF8 /* MIDGopayResult.m in Sources */ = {isa = PBXBuildFile; fileRef = E5D21D5421B636570082ABF8 /* MIDGopayResult.m */; };
		E5D21D5821B637800082ABF8 /* MIDIndomaretResult.m in Sources */ = {isa = PBXBuildFile; fileRef = E5D21D5721B637800082ABF8 /* MIDIndomaretResult.m */; };
		E5D3C7B42192D7700090DDAE /* AppDelegate.m in Sources */ = {isa = PBXBuildFile; fileRef = E5D3C7B32192D7700090DDAE /* AppDelegate.m */; };
		E5D3C7B72192D7700090DDAE /* ViewController.m in Sources */ = {isa = PBXBuildFile; fileRef = E5D3C7B62192D7700090DDAE /* ViewController.m */; };
		E5D3C7BA2192D7700090DDAE /* Main.storyboard in Resources */ = {isa = PBXBuildFile; fileRef = E5D3C7B82192D7700090DDAE /* Main.storyboard */; };
		E5D3C7BC2192D7710090DDAE /* Assets.xcassets in Resources */ = {isa = PBXBuildFile; fileRef = E5D3C7BB2192D7710090DDAE /* Assets.xcassets */; };
		E5D3C7BF2192D7710090DDAE /* LaunchScreen.storyboard in Resources */ = {isa = PBXBuildFile; fileRef = E5D3C7BD2192D7710090DDAE /* LaunchScreen.storyboard */; };
		E5D3C7C22192D7710090DDAE /* main.m in Sources */ = {isa = PBXBuildFile; fileRef = E5D3C7C12192D7710090DDAE /* main.m */; };
		E5D3C7D72192D7710090DDAE /* MidtransSDKUITests.m in Sources */ = {isa = PBXBuildFile; fileRef = E5D3C7D62192D7710090DDAE /* MidtransSDKUITests.m */; };
		E5D3C7E72192D8B30090DDAE /* MIDClient.m in Sources */ = {isa = PBXBuildFile; fileRef = E5D3C7E62192D8B30090DDAE /* MIDClient.m */; };
		E5D3C7EB2192DB400090DDAE /* MIDGetPaymentTest.m in Sources */ = {isa = PBXBuildFile; fileRef = E5D3C7EA2192DB400090DDAE /* MIDGetPaymentTest.m */; };
		E5EBB4D621C38F8900D317A2 /* MIDCreditCardPayment.m in Sources */ = {isa = PBXBuildFile; fileRef = E5EBB4D521C38F8900D317A2 /* MIDCreditCardPayment.m */; };
		E5EBB4DA21C396A800D317A2 /* MIDCreditCardResult.m in Sources */ = {isa = PBXBuildFile; fileRef = E5EBB4D921C396A800D317A2 /* MIDCreditCardResult.m */; };
		ECAC031521E459A100D5B561 /* MIDBankTransferBNITest.m in Sources */ = {isa = PBXBuildFile; fileRef = ECAC031421E459A100D5B561 /* MIDBankTransferBNITest.m */; };
		ECAC031721E45E9200D5B561 /* MIDBankTransferMandiriTest.m in Sources */ = {isa = PBXBuildFile; fileRef = ECAC031621E45E9200D5B561 /* MIDBankTransferMandiriTest.m */; };
		ECAC031921E473E400D5B561 /* MIDBankTransferPermataTest.m in Sources */ = {isa = PBXBuildFile; fileRef = ECAC031821E473E400D5B561 /* MIDBankTransferPermataTest.m */; };
/* End PBXBuildFile section */

/* Begin PBXContainerItemProxy section */
		E5D3C7C82192D7710090DDAE /* PBXContainerItemProxy */ = {
			isa = PBXContainerItemProxy;
			containerPortal = E5D3C7A72192D7700090DDAE /* Project object */;
			proxyType = 1;
			remoteGlobalIDString = E5D3C7AE2192D7700090DDAE;
			remoteInfo = MidtransSDK;
		};
		E5D3C7D32192D7710090DDAE /* PBXContainerItemProxy */ = {
			isa = PBXContainerItemProxy;
			containerPortal = E5D3C7A72192D7700090DDAE /* Project object */;
			proxyType = 1;
			remoteGlobalIDString = E5D3C7AE2192D7700090DDAE;
			remoteInfo = MidtransSDK;
		};
/* End PBXContainerItemProxy section */

/* Begin PBXFileReference section */
		E500E05121BF8BF7001E694B /* MIDCreditCardCharge.h */ = {isa = PBXFileReference; lastKnownFileType = sourcecode.c.h; path = MIDCreditCardCharge.h; sourceTree = "<group>"; };
		E500E05221BF8BF7001E694B /* MIDCreditCardCharge.m */ = {isa = PBXFileReference; lastKnownFileType = sourcecode.c.objc; path = MIDCreditCardCharge.m; sourceTree = "<group>"; };
		E500E05421BF8CD4001E694B /* MIDCreditCardTokenize.h */ = {isa = PBXFileReference; lastKnownFileType = sourcecode.c.h; path = MIDCreditCardTokenize.h; sourceTree = "<group>"; };
		E500E05521BF8CD4001E694B /* MIDCreditCardTokenize.m */ = {isa = PBXFileReference; lastKnownFileType = sourcecode.c.objc; path = MIDCreditCardTokenize.m; sourceTree = "<group>"; };
		E515DF3B2195B822006E615A /* MIDNetworkConstants.h */ = {isa = PBXFileReference; lastKnownFileType = sourcecode.c.h; path = MIDNetworkConstants.h; sourceTree = "<group>"; };
		E515DF3E2195B87B006E615A /* MIDNetwork.h */ = {isa = PBXFileReference; lastKnownFileType = sourcecode.c.h; path = MIDNetwork.h; sourceTree = "<group>"; };
		E515DF3F2195B87B006E615A /* MIDNetwork.m */ = {isa = PBXFileReference; lastKnownFileType = sourcecode.c.objc; path = MIDNetwork.m; sourceTree = "<group>"; };
		E515DF452195C3B3006E615A /* MIDNetworkService.h */ = {isa = PBXFileReference; lastKnownFileType = sourcecode.c.h; path = MIDNetworkService.h; sourceTree = "<group>"; };
		E515DF462195C3B3006E615A /* MIDNetworkService.m */ = {isa = PBXFileReference; lastKnownFileType = sourcecode.c.objc; path = MIDNetworkService.m; sourceTree = "<group>"; };
		E515DF492195E757006E615A /* MIDNetworkHelper.h */ = {isa = PBXFileReference; lastKnownFileType = sourcecode.c.h; path = MIDNetworkHelper.h; sourceTree = "<group>"; };
		E515DF4A2195E757006E615A /* MIDNetworkHelper.m */ = {isa = PBXFileReference; lastKnownFileType = sourcecode.c.objc; path = MIDNetworkHelper.m; sourceTree = "<group>"; };
		E515DF4C2195E9C4006E615A /* MIDVendor.h */ = {isa = PBXFileReference; lastKnownFileType = sourcecode.c.h; path = MIDVendor.h; sourceTree = "<group>"; };
		E515DF4D2195E9C4006E615A /* MIDVendor.m */ = {isa = PBXFileReference; lastKnownFileType = sourcecode.c.objc; path = MIDVendor.m; sourceTree = "<group>"; };
		E5163BF8219613FD00A24E59 /* MIDCheckoutTransaction.h */ = {isa = PBXFileReference; lastKnownFileType = sourcecode.c.h; path = MIDCheckoutTransaction.h; sourceTree = "<group>"; };
		E5163BF9219613FD00A24E59 /* MIDCheckoutTransaction.m */ = {isa = PBXFileReference; lastKnownFileType = sourcecode.c.objc; path = MIDCheckoutTransaction.m; sourceTree = "<group>"; };
		E5163BFB219614A600A24E59 /* MIDAddress.h */ = {isa = PBXFileReference; lastKnownFileType = sourcecode.c.h; path = MIDAddress.h; sourceTree = "<group>"; };
		E5163BFC219614A600A24E59 /* MIDAddress.m */ = {isa = PBXFileReference; lastKnownFileType = sourcecode.c.objc; path = MIDAddress.m; sourceTree = "<group>"; };
		E5163C05219634BF00A24E59 /* MIDNetworkEnums.h */ = {isa = PBXFileReference; lastKnownFileType = sourcecode.c.h; path = MIDNetworkEnums.h; sourceTree = "<group>"; };
		E5163C0A2196CB0900A24E59 /* MIDToken.h */ = {isa = PBXFileReference; lastKnownFileType = sourcecode.c.h; path = MIDToken.h; sourceTree = "<group>"; };
		E5163C0B2196CB0900A24E59 /* MIDToken.m */ = {isa = PBXFileReference; lastKnownFileType = sourcecode.c.objc; path = MIDToken.m; sourceTree = "<group>"; };
		E5163C0D2196CC9C00A24E59 /* MIDPaymentInfo.h */ = {isa = PBXFileReference; lastKnownFileType = sourcecode.c.h; path = MIDPaymentInfo.h; sourceTree = "<group>"; };
		E5163C0E2196CC9C00A24E59 /* MIDPaymentInfo.m */ = {isa = PBXFileReference; lastKnownFileType = sourcecode.c.objc; path = MIDPaymentInfo.m; sourceTree = "<group>"; };
		E5163C1021972D7800A24E59 /* MIDCallbackInfo.h */ = {isa = PBXFileReference; lastKnownFileType = sourcecode.c.h; path = MIDCallbackInfo.h; sourceTree = "<group>"; };
		E5163C1121972D7800A24E59 /* MIDCallbackInfo.m */ = {isa = PBXFileReference; lastKnownFileType = sourcecode.c.objc; path = MIDCallbackInfo.m; sourceTree = "<group>"; };
		E5163C1321972E2E00A24E59 /* MIDCreditCardInfo.h */ = {isa = PBXFileReference; lastKnownFileType = sourcecode.c.h; path = MIDCreditCardInfo.h; sourceTree = "<group>"; };
		E5163C1421972E2E00A24E59 /* MIDCreditCardInfo.m */ = {isa = PBXFileReference; lastKnownFileType = sourcecode.c.objc; path = MIDCreditCardInfo.m; sourceTree = "<group>"; };
		E5163C1621972E4F00A24E59 /* MIDPaymentMethodInfo.h */ = {isa = PBXFileReference; lastKnownFileType = sourcecode.c.h; path = MIDPaymentMethodInfo.h; sourceTree = "<group>"; };
		E5163C1721972E4F00A24E59 /* MIDPaymentMethodInfo.m */ = {isa = PBXFileReference; lastKnownFileType = sourcecode.c.objc; path = MIDPaymentMethodInfo.m; sourceTree = "<group>"; };
		E5163C1921972E6F00A24E59 /* MIDNotificationSettingsInfo.h */ = {isa = PBXFileReference; lastKnownFileType = sourcecode.c.h; path = MIDNotificationSettingsInfo.h; sourceTree = "<group>"; };
		E5163C1A21972E6F00A24E59 /* MIDNotificationSettingsInfo.m */ = {isa = PBXFileReference; lastKnownFileType = sourcecode.c.objc; path = MIDNotificationSettingsInfo.m; sourceTree = "<group>"; };
		E5163C1C21972E8800A24E59 /* MIDPreferenceInfo.h */ = {isa = PBXFileReference; lastKnownFileType = sourcecode.c.h; path = MIDPreferenceInfo.h; sourceTree = "<group>"; };
		E5163C1D21972E8800A24E59 /* MIDPreferenceInfo.m */ = {isa = PBXFileReference; lastKnownFileType = sourcecode.c.objc; path = MIDPreferenceInfo.m; sourceTree = "<group>"; };
		E5163C1F21972EA000A24E59 /* MIDMerchantInfo.h */ = {isa = PBXFileReference; lastKnownFileType = sourcecode.c.h; path = MIDMerchantInfo.h; sourceTree = "<group>"; };
		E5163C2021972EA000A24E59 /* MIDMerchantInfo.m */ = {isa = PBXFileReference; lastKnownFileType = sourcecode.c.objc; path = MIDMerchantInfo.m; sourceTree = "<group>"; };
		E5163C2221972EB900A24E59 /* MIDPromoInfo.h */ = {isa = PBXFileReference; lastKnownFileType = sourcecode.c.h; path = MIDPromoInfo.h; sourceTree = "<group>"; };
		E5163C2321972EB900A24E59 /* MIDPromoInfo.m */ = {isa = PBXFileReference; lastKnownFileType = sourcecode.c.objc; path = MIDPromoInfo.m; sourceTree = "<group>"; };
		E5163C2521972EDE00A24E59 /* MIDTransactionInfo.h */ = {isa = PBXFileReference; lastKnownFileType = sourcecode.c.h; path = MIDTransactionInfo.h; sourceTree = "<group>"; };
		E5163C2621972EDE00A24E59 /* MIDTransactionInfo.m */ = {isa = PBXFileReference; lastKnownFileType = sourcecode.c.objc; path = MIDTransactionInfo.m; sourceTree = "<group>"; };
		E518D4D321991A8E009C19FF /* MidtransSDK-Bridging-Header.h */ = {isa = PBXFileReference; lastKnownFileType = sourcecode.c.h; path = "MidtransSDK-Bridging-Header.h"; sourceTree = "<group>"; };
		E530597721EECB3900545CF4 /* MIDCreditCardTest.m */ = {isa = PBXFileReference; lastKnownFileType = sourcecode.c.objc; path = MIDCreditCardTest.m; sourceTree = "<group>"; };
		E5317FFB21AD2C6E005C0940 /* MIDGopayPayment.h */ = {isa = PBXFileReference; lastKnownFileType = sourcecode.c.h; path = MIDGopayPayment.h; sourceTree = "<group>"; };
		E5317FFC21AD2C6E005C0940 /* MIDGopayPayment.m */ = {isa = PBXFileReference; lastKnownFileType = sourcecode.c.objc; path = MIDGopayPayment.m; sourceTree = "<group>"; };
		E5317FFE21AD2C80005C0940 /* MIDIndomaretPayment.h */ = {isa = PBXFileReference; lastKnownFileType = sourcecode.c.h; path = MIDIndomaretPayment.h; sourceTree = "<group>"; };
		E5317FFF21AD2C80005C0940 /* MIDIndomaretPayment.m */ = {isa = PBXFileReference; lastKnownFileType = sourcecode.c.objc; path = MIDIndomaretPayment.m; sourceTree = "<group>"; };
		E537341521DDE25F0095746A /* MIDPointResponse.h */ = {isa = PBXFileReference; lastKnownFileType = sourcecode.c.h; path = MIDPointResponse.h; sourceTree = "<group>"; };
		E537341621DDE25F0095746A /* MIDPointResponse.m */ = {isa = PBXFileReference; lastKnownFileType = sourcecode.c.objc; path = MIDPointResponse.m; sourceTree = "<group>"; };
		E537341821DDEF490095746A /* MIDInstallmentTerm.h */ = {isa = PBXFileReference; lastKnownFileType = sourcecode.c.h; path = MIDInstallmentTerm.h; sourceTree = "<group>"; };
		E537341921DDEF490095746A /* MIDInstallmentTerm.m */ = {isa = PBXFileReference; lastKnownFileType = sourcecode.c.objc; path = MIDInstallmentTerm.m; sourceTree = "<group>"; };
		E537341E21DE03B00095746A /* MIDInstallmentInfo.h */ = {isa = PBXFileReference; lastKnownFileType = sourcecode.c.h; path = MIDInstallmentInfo.h; sourceTree = "<group>"; };
		E537341F21DE03B00095746A /* MIDInstallmentInfo.m */ = {isa = PBXFileReference; lastKnownFileType = sourcecode.c.objc; path = MIDInstallmentInfo.m; sourceTree = "<group>"; };
		E53C0D2021E34A460006852E /* MIDTestHelper.h */ = {isa = PBXFileReference; lastKnownFileType = sourcecode.c.h; path = MIDTestHelper.h; sourceTree = "<group>"; };
		E53C0D2121E34A460006852E /* MIDTestHelper.m */ = {isa = PBXFileReference; lastKnownFileType = sourcecode.c.objc; path = MIDTestHelper.m; sourceTree = "<group>"; };
		E543E24B21B75B8F00969B7F /* MIDWebPaymentResult.h */ = {isa = PBXFileReference; lastKnownFileType = sourcecode.c.h; path = MIDWebPaymentResult.h; sourceTree = "<group>"; };
		E543E24C21B75B8F00969B7F /* MIDWebPaymentResult.m */ = {isa = PBXFileReference; lastKnownFileType = sourcecode.c.objc; path = MIDWebPaymentResult.m; sourceTree = "<group>"; };
		E543E24E21B7767700969B7F /* MIDBankTransferTest.m */ = {isa = PBXFileReference; lastKnownFileType = sourcecode.c.objc; path = MIDBankTransferTest.m; sourceTree = "<group>"; };
		E545E0C221B50183005C1EB3 /* MIDBankTransferCharge.h */ = {isa = PBXFileReference; lastKnownFileType = sourcecode.c.h; path = MIDBankTransferCharge.h; sourceTree = "<group>"; };
		E545E0C321B50183005C1EB3 /* MIDBankTransferCharge.m */ = {isa = PBXFileReference; lastKnownFileType = sourcecode.c.objc; path = MIDBankTransferCharge.m; sourceTree = "<group>"; };
		E545E0CD21B503B0005C1EB3 /* MIDBCABankTransferResult.h */ = {isa = PBXFileReference; lastKnownFileType = sourcecode.c.h; path = MIDBCABankTransferResult.h; sourceTree = "<group>"; };
		E545E0CE21B503B0005C1EB3 /* MIDBCABankTransferResult.m */ = {isa = PBXFileReference; lastKnownFileType = sourcecode.c.objc; path = MIDBCABankTransferResult.m; sourceTree = "<group>"; };
		E545E0D021B503C1005C1EB3 /* MIDBNIBankTransferResult.h */ = {isa = PBXFileReference; lastKnownFileType = sourcecode.c.h; path = MIDBNIBankTransferResult.h; sourceTree = "<group>"; };
		E545E0D121B503C1005C1EB3 /* MIDBNIBankTransferResult.m */ = {isa = PBXFileReference; lastKnownFileType = sourcecode.c.objc; path = MIDBNIBankTransferResult.m; sourceTree = "<group>"; };
		E545E0D321B503CD005C1EB3 /* MIDPermataBankTransferResult.h */ = {isa = PBXFileReference; lastKnownFileType = sourcecode.c.h; path = MIDPermataBankTransferResult.h; sourceTree = "<group>"; };
		E545E0D421B503CD005C1EB3 /* MIDPermataBankTransferResult.m */ = {isa = PBXFileReference; lastKnownFileType = sourcecode.c.objc; path = MIDPermataBankTransferResult.m; sourceTree = "<group>"; };
		E545E0D621B503DA005C1EB3 /* MIDMandiriBankTransferResult.h */ = {isa = PBXFileReference; lastKnownFileType = sourcecode.c.h; path = MIDMandiriBankTransferResult.h; sourceTree = "<group>"; };
		E545E0D721B503DA005C1EB3 /* MIDMandiriBankTransferResult.m */ = {isa = PBXFileReference; lastKnownFileType = sourcecode.c.objc; path = MIDMandiriBankTransferResult.m; sourceTree = "<group>"; };
		E545E0D921B518EE005C1EB3 /* MIDPaymentHelper.h */ = {isa = PBXFileReference; lastKnownFileType = sourcecode.c.h; path = MIDPaymentHelper.h; sourceTree = "<group>"; };
		E545E0DA21B518EE005C1EB3 /* MIDPaymentHelper.m */ = {isa = PBXFileReference; lastKnownFileType = sourcecode.c.objc; path = MIDPaymentHelper.m; sourceTree = "<group>"; };
		E55122CF2195EE0200DA3621 /* MIDConfig.h */ = {isa = PBXFileReference; lastKnownFileType = sourcecode.c.h; path = MIDConfig.h; sourceTree = "<group>"; };
		E55122D02195EE0200DA3621 /* MIDConfig.m */ = {isa = PBXFileReference; lastKnownFileType = sourcecode.c.objc; path = MIDConfig.m; sourceTree = "<group>"; };
		E55122D42195FFBB00DA3621 /* MIDRequestBuilder.h */ = {isa = PBXFileReference; lastKnownFileType = sourcecode.c.h; path = MIDRequestBuilder.h; sourceTree = "<group>"; };
		E55122D52195FFBB00DA3621 /* MIDRequestBuilder.m */ = {isa = PBXFileReference; lastKnownFileType = sourcecode.c.objc; path = MIDRequestBuilder.m; sourceTree = "<group>"; };
		E55122D82196051200DA3621 /* MIDMappable.h */ = {isa = PBXFileReference; lastKnownFileType = sourcecode.c.h; path = MIDMappable.h; sourceTree = "<group>"; };
		E55122D92196056F00DA3621 /* MIDCustomerDetails.h */ = {isa = PBXFileReference; lastKnownFileType = sourcecode.c.h; path = MIDCustomerDetails.h; sourceTree = "<group>"; };
		E55122DA2196056F00DA3621 /* MIDCustomerDetails.m */ = {isa = PBXFileReference; lastKnownFileType = sourcecode.c.objc; path = MIDCustomerDetails.m; sourceTree = "<group>"; };
		E55122DC2196066400DA3621 /* MIDModelHelper.h */ = {isa = PBXFileReference; lastKnownFileType = sourcecode.c.h; path = MIDModelHelper.h; sourceTree = "<group>"; };
		E55122DD2196066400DA3621 /* MIDModelHelper.m */ = {isa = PBXFileReference; lastKnownFileType = sourcecode.c.objc; path = MIDModelHelper.m; sourceTree = "<group>"; };
		E55122DF219607DE00DA3621 /* MIDItem.h */ = {isa = PBXFileReference; lastKnownFileType = sourcecode.c.h; path = MIDItem.h; sourceTree = "<group>"; };
		E55122E0219607DE00DA3621 /* MIDItem.m */ = {isa = PBXFileReference; lastKnownFileType = sourcecode.c.objc; path = MIDItem.m; sourceTree = "<group>"; };
		E552253C21D3635900F0217E /* MIDCreditCardTokenizer.h */ = {isa = PBXFileReference; lastKnownFileType = sourcecode.c.h; path = MIDCreditCardTokenizer.h; sourceTree = "<group>"; };
		E552253D21D3635900F0217E /* MIDCreditCardTokenizer.m */ = {isa = PBXFileReference; lastKnownFileType = sourcecode.c.objc; path = MIDCreditCardTokenizer.m; sourceTree = "<group>"; };
		E55D708C21E8735800718EDF /* MIDMandiriClickpayTest.m */ = {isa = PBXFileReference; lastKnownFileType = sourcecode.c.objc; path = MIDMandiriClickpayTest.m; sourceTree = "<group>"; };
		E55D708E21E8747A00718EDF /* MIDCheckoutTest.m */ = {isa = PBXFileReference; lastKnownFileType = sourcecode.c.objc; path = MIDCheckoutTest.m; sourceTree = "<group>"; };
		E55D709021E8782C00718EDF /* MIDKlikbcaTest.m */ = {isa = PBXFileReference; lastKnownFileType = sourcecode.c.objc; path = MIDKlikbcaTest.m; sourceTree = "<group>"; };
		E57ADEDC21D48419001B52AB /* MIDTokenizeConfig.h */ = {isa = PBXFileReference; lastKnownFileType = sourcecode.c.h; path = MIDTokenizeConfig.h; sourceTree = "<group>"; };
		E57ADEDD21D48419001B52AB /* MIDTokenizeConfig.m */ = {isa = PBXFileReference; lastKnownFileType = sourcecode.c.objc; path = MIDTokenizeConfig.m; sourceTree = "<group>"; };
		E57ADEDF21D4A992001B52AB /* MIDChargeInstallment.h */ = {isa = PBXFileReference; lastKnownFileType = sourcecode.c.h; path = MIDChargeInstallment.h; sourceTree = "<group>"; };
		E57ADEE021D4A992001B52AB /* MIDChargeInstallment.m */ = {isa = PBXFileReference; lastKnownFileType = sourcecode.c.objc; path = MIDChargeInstallment.m; sourceTree = "<group>"; };
		E57ADEE221D4B8C7001B52AB /* MIDSavedCardInfo.h */ = {isa = PBXFileReference; lastKnownFileType = sourcecode.c.h; path = MIDSavedCardInfo.h; sourceTree = "<group>"; };
		E57ADEE321D4B8C7001B52AB /* MIDSavedCardInfo.m */ = {isa = PBXFileReference; lastKnownFileType = sourcecode.c.objc; path = MIDSavedCardInfo.m; sourceTree = "<group>"; };
		E57F6F9621B65320003CF48F /* MIDEWalletCharge.h */ = {isa = PBXFileReference; lastKnownFileType = sourcecode.c.h; path = MIDEWalletCharge.h; sourceTree = "<group>"; };
		E57F6F9721B65320003CF48F /* MIDEWalletCharge.m */ = {isa = PBXFileReference; lastKnownFileType = sourcecode.c.objc; path = MIDEWalletCharge.m; sourceTree = "<group>"; };
		E57F6F9C21B65395003CF48F /* MIDDirectDebitCharge.h */ = {isa = PBXFileReference; lastKnownFileType = sourcecode.c.h; path = MIDDirectDebitCharge.h; sourceTree = "<group>"; };
		E57F6F9D21B65395003CF48F /* MIDDirectDebitCharge.m */ = {isa = PBXFileReference; lastKnownFileType = sourcecode.c.objc; path = MIDDirectDebitCharge.m; sourceTree = "<group>"; };
		E57F6F9F21B653A6003CF48F /* MIDStoreCharge.h */ = {isa = PBXFileReference; lastKnownFileType = sourcecode.c.h; path = MIDStoreCharge.h; sourceTree = "<group>"; };
		E57F6FA021B653A6003CF48F /* MIDStoreCharge.m */ = {isa = PBXFileReference; lastKnownFileType = sourcecode.c.objc; path = MIDStoreCharge.m; sourceTree = "<group>"; };
		E581884521A5043B00B10645 /* MIDPayable.h */ = {isa = PBXFileReference; lastKnownFileType = sourcecode.c.h; path = MIDPayable.h; sourceTree = "<group>"; };
		E581884621A5097E00B10645 /* MIDWebPayment.m */ = {isa = PBXFileReference; fileEncoding = 4; lastKnownFileType = sourcecode.c.objc; path = MIDWebPayment.m; sourceTree = "<group>"; };
		E581884721A5097E00B10645 /* MIDWebPayment.h */ = {isa = PBXFileReference; fileEncoding = 4; lastKnownFileType = sourcecode.c.h; path = MIDWebPayment.h; sourceTree = "<group>"; };
		E581884921A50ACB00B10645 /* MIDMandiriClickpayPayment.h */ = {isa = PBXFileReference; lastKnownFileType = sourcecode.c.h; path = MIDMandiriClickpayPayment.h; sourceTree = "<group>"; };
		E581884A21A50ACB00B10645 /* MIDMandiriClickpayPayment.m */ = {isa = PBXFileReference; lastKnownFileType = sourcecode.c.objc; path = MIDMandiriClickpayPayment.m; sourceTree = "<group>"; };
		E58CC6B821A65072007879FB /* MIDCheckoutExpiry.h */ = {isa = PBXFileReference; lastKnownFileType = sourcecode.c.h; path = MIDCheckoutExpiry.h; sourceTree = "<group>"; };
		E58CC6B921A65072007879FB /* MIDCheckoutExpiry.m */ = {isa = PBXFileReference; lastKnownFileType = sourcecode.c.objc; path = MIDCheckoutExpiry.m; sourceTree = "<group>"; };
		E58CC6BB21A65705007879FB /* MIDCustomField.h */ = {isa = PBXFileReference; lastKnownFileType = sourcecode.c.h; path = MIDCustomField.h; sourceTree = "<group>"; };
		E58CC6BC21A65705007879FB /* MIDCustomField.m */ = {isa = PBXFileReference; lastKnownFileType = sourcecode.c.objc; path = MIDCustomField.m; sourceTree = "<group>"; };
		E58CC6BF21A663FB007879FB /* MIDPaymentResult.h */ = {isa = PBXFileReference; lastKnownFileType = sourcecode.c.h; path = MIDPaymentResult.h; sourceTree = "<group>"; };
		E58CC6C021A663FB007879FB /* MIDPaymentResult.m */ = {isa = PBXFileReference; lastKnownFileType = sourcecode.c.objc; path = MIDPaymentResult.m; sourceTree = "<group>"; };
		E58CC6C221A6A283007879FB /* MIDCheckoutGoPay.h */ = {isa = PBXFileReference; lastKnownFileType = sourcecode.c.h; path = MIDCheckoutGoPay.h; sourceTree = "<group>"; };
		E58CC6C321A6A283007879FB /* MIDCheckoutGoPay.m */ = {isa = PBXFileReference; lastKnownFileType = sourcecode.c.objc; path = MIDCheckoutGoPay.m; sourceTree = "<group>"; };
		E58DD71321BA2162009C56B7 /* MIDKlikbcaResult.h */ = {isa = PBXFileReference; lastKnownFileType = sourcecode.c.h; path = MIDKlikbcaResult.h; sourceTree = "<group>"; };
		E58DD71421BA2162009C56B7 /* MIDKlikbcaResult.m */ = {isa = PBXFileReference; lastKnownFileType = sourcecode.c.objc; path = MIDKlikbcaResult.m; sourceTree = "<group>"; };
		E5915B2721A50C5200B66855 /* MIDBankTransferPayment.h */ = {isa = PBXFileReference; lastKnownFileType = sourcecode.c.h; path = MIDBankTransferPayment.h; sourceTree = "<group>"; };
		E5915B2821A50C5200B66855 /* MIDBankTransferPayment.m */ = {isa = PBXFileReference; lastKnownFileType = sourcecode.c.objc; path = MIDBankTransferPayment.m; sourceTree = "<group>"; };
		E5915B2A21A510A400B66855 /* MIDKlikbcaPayment.h */ = {isa = PBXFileReference; lastKnownFileType = sourcecode.c.h; path = MIDKlikbcaPayment.h; sourceTree = "<group>"; };
		E5915B2B21A510A400B66855 /* MIDKlikbcaPayment.m */ = {isa = PBXFileReference; lastKnownFileType = sourcecode.c.objc; path = MIDKlikbcaPayment.m; sourceTree = "<group>"; };
		E5915B2D21A511CC00B66855 /* MIDTelkomselCashPayment.h */ = {isa = PBXFileReference; lastKnownFileType = sourcecode.c.h; path = MIDTelkomselCashPayment.h; sourceTree = "<group>"; };
		E5915B2E21A511CC00B66855 /* MIDTelkomselCashPayment.m */ = {isa = PBXFileReference; lastKnownFileType = sourcecode.c.objc; path = MIDTelkomselCashPayment.m; sourceTree = "<group>"; };
		E597252D21B8D4EA00CC2E30 /* MIDTokenizable.h */ = {isa = PBXFileReference; lastKnownFileType = sourcecode.c.h; path = MIDTokenizable.h; sourceTree = "<group>"; };
		E597252E21B8D7C100CC2E30 /* MIDClickpayTokenize.h */ = {isa = PBXFileReference; lastKnownFileType = sourcecode.c.h; path = MIDClickpayTokenize.h; sourceTree = "<group>"; };
		E597252F21B8D7C100CC2E30 /* MIDClickpayTokenize.m */ = {isa = PBXFileReference; lastKnownFileType = sourcecode.c.objc; path = MIDClickpayTokenize.m; sourceTree = "<group>"; };
		E597253221B9555400CC2E30 /* MIDClickpayResult.h */ = {isa = PBXFileReference; lastKnownFileType = sourcecode.c.h; path = MIDClickpayResult.h; sourceTree = "<group>"; };
		E597253321B9555400CC2E30 /* MIDClickpayResult.m */ = {isa = PBXFileReference; lastKnownFileType = sourcecode.c.objc; path = MIDClickpayResult.m; sourceTree = "<group>"; };
		E597352E21A28A0C005C9BA0 /* MIDCheckoutItems.h */ = {isa = PBXFileReference; lastKnownFileType = sourcecode.c.h; path = MIDCheckoutItems.h; sourceTree = "<group>"; };
		E597352F21A28A0C005C9BA0 /* MIDCheckoutItems.m */ = {isa = PBXFileReference; lastKnownFileType = sourcecode.c.objc; path = MIDCheckoutItems.m; sourceTree = "<group>"; };
		E597353121A28F3F005C9BA0 /* MIDCheckoutable.h */ = {isa = PBXFileReference; lastKnownFileType = sourcecode.c.h; path = MIDCheckoutable.h; sourceTree = "<group>"; };
		E597353421A29475005C9BA0 /* MidtransSDK.h */ = {isa = PBXFileReference; lastKnownFileType = sourcecode.c.h; path = MidtransSDK.h; sourceTree = "<group>"; };
		E597353521A2A07F005C9BA0 /* MIDCreditCard.h */ = {isa = PBXFileReference; lastKnownFileType = sourcecode.c.h; path = MIDCreditCard.h; sourceTree = "<group>"; };
		E597353621A2A07F005C9BA0 /* MIDCreditCard.m */ = {isa = PBXFileReference; lastKnownFileType = sourcecode.c.objc; path = MIDCreditCard.m; sourceTree = "<group>"; };
		E597353821A2AA55005C9BA0 /* MIDInstallment.h */ = {isa = PBXFileReference; lastKnownFileType = sourcecode.c.h; path = MIDInstallment.h; sourceTree = "<group>"; };
		E597353921A2AA55005C9BA0 /* MIDInstallment.m */ = {isa = PBXFileReference; lastKnownFileType = sourcecode.c.objc; path = MIDInstallment.m; sourceTree = "<group>"; };
		E597353B21A2BD3F005C9BA0 /* MIDModelEnums.h */ = {isa = PBXFileReference; lastKnownFileType = sourcecode.c.h; path = MIDModelEnums.h; sourceTree = "<group>"; };
		E5C07D8521DC9A5A0020C858 /* MIDCheckoutIdentifier.h */ = {isa = PBXFileReference; lastKnownFileType = sourcecode.c.h; path = MIDCheckoutIdentifier.h; sourceTree = "<group>"; };
		E5C07D8621DC9A5A0020C858 /* MIDCheckoutIdentifier.m */ = {isa = PBXFileReference; lastKnownFileType = sourcecode.c.objc; path = MIDCheckoutIdentifier.m; sourceTree = "<group>"; };
		E5C07D8821DC9F830020C858 /* MIDTokenizeResponse.h */ = {isa = PBXFileReference; lastKnownFileType = sourcecode.c.h; path = MIDTokenizeResponse.h; sourceTree = "<group>"; };
		E5C07D8921DC9F840020C858 /* MIDTokenizeResponse.m */ = {isa = PBXFileReference; lastKnownFileType = sourcecode.c.objc; path = MIDTokenizeResponse.m; sourceTree = "<group>"; };
		E5C34D7A21E6032E002361C8 /* MIDSwiftViewController.swift */ = {isa = PBXFileReference; lastKnownFileType = sourcecode.swift; path = MIDSwiftViewController.swift; sourceTree = "<group>"; };
		E5C7CD2D21BD56E900C22045 /* MIDEWalletTest.m */ = {isa = PBXFileReference; lastKnownFileType = sourcecode.c.objc; path = MIDEWalletTest.m; sourceTree = "<group>"; };
		E5C7CD2F21BD56FA00C22045 /* MIDStoreTest.m */ = {isa = PBXFileReference; lastKnownFileType = sourcecode.c.objc; path = MIDStoreTest.m; sourceTree = "<group>"; };
		E5C7CD3121BD570F00C22045 /* MIDDirectDebitTest.m */ = {isa = PBXFileReference; lastKnownFileType = sourcecode.c.objc; path = MIDDirectDebitTest.m; sourceTree = "<group>"; };
		E5D21D5321B636570082ABF8 /* MIDGopayResult.h */ = {isa = PBXFileReference; lastKnownFileType = sourcecode.c.h; path = MIDGopayResult.h; sourceTree = "<group>"; };
		E5D21D5421B636570082ABF8 /* MIDGopayResult.m */ = {isa = PBXFileReference; lastKnownFileType = sourcecode.c.objc; path = MIDGopayResult.m; sourceTree = "<group>"; };
		E5D21D5621B637800082ABF8 /* MIDIndomaretResult.h */ = {isa = PBXFileReference; lastKnownFileType = sourcecode.c.h; path = MIDIndomaretResult.h; sourceTree = "<group>"; };
		E5D21D5721B637800082ABF8 /* MIDIndomaretResult.m */ = {isa = PBXFileReference; lastKnownFileType = sourcecode.c.objc; path = MIDIndomaretResult.m; sourceTree = "<group>"; };
		E5D3C7AF2192D7700090DDAE /* MidtransSDK.app */ = {isa = PBXFileReference; explicitFileType = wrapper.application; includeInIndex = 0; path = MidtransSDK.app; sourceTree = BUILT_PRODUCTS_DIR; };
		E5D3C7B22192D7700090DDAE /* AppDelegate.h */ = {isa = PBXFileReference; lastKnownFileType = sourcecode.c.h; path = AppDelegate.h; sourceTree = "<group>"; };
		E5D3C7B32192D7700090DDAE /* AppDelegate.m */ = {isa = PBXFileReference; lastKnownFileType = sourcecode.c.objc; path = AppDelegate.m; sourceTree = "<group>"; };
		E5D3C7B52192D7700090DDAE /* ViewController.h */ = {isa = PBXFileReference; lastKnownFileType = sourcecode.c.h; path = ViewController.h; sourceTree = "<group>"; };
		E5D3C7B62192D7700090DDAE /* ViewController.m */ = {isa = PBXFileReference; lastKnownFileType = sourcecode.c.objc; path = ViewController.m; sourceTree = "<group>"; };
		E5D3C7B92192D7700090DDAE /* Base */ = {isa = PBXFileReference; lastKnownFileType = file.storyboard; name = Base; path = Base.lproj/Main.storyboard; sourceTree = "<group>"; };
		E5D3C7BB2192D7710090DDAE /* Assets.xcassets */ = {isa = PBXFileReference; lastKnownFileType = folder.assetcatalog; path = Assets.xcassets; sourceTree = "<group>"; };
		E5D3C7BE2192D7710090DDAE /* Base */ = {isa = PBXFileReference; lastKnownFileType = file.storyboard; name = Base; path = Base.lproj/LaunchScreen.storyboard; sourceTree = "<group>"; };
		E5D3C7C02192D7710090DDAE /* Info.plist */ = {isa = PBXFileReference; lastKnownFileType = text.plist.xml; path = Info.plist; sourceTree = "<group>"; };
		E5D3C7C12192D7710090DDAE /* main.m */ = {isa = PBXFileReference; lastKnownFileType = sourcecode.c.objc; path = main.m; sourceTree = "<group>"; };
		E5D3C7C72192D7710090DDAE /* MidtransSDKTests.xctest */ = {isa = PBXFileReference; explicitFileType = wrapper.cfbundle; includeInIndex = 0; path = MidtransSDKTests.xctest; sourceTree = BUILT_PRODUCTS_DIR; };
		E5D3C7CD2192D7710090DDAE /* Info.plist */ = {isa = PBXFileReference; lastKnownFileType = text.plist.xml; path = Info.plist; sourceTree = "<group>"; };
		E5D3C7D22192D7710090DDAE /* MidtransSDKUITests.xctest */ = {isa = PBXFileReference; explicitFileType = wrapper.cfbundle; includeInIndex = 0; path = MidtransSDKUITests.xctest; sourceTree = BUILT_PRODUCTS_DIR; };
		E5D3C7D62192D7710090DDAE /* MidtransSDKUITests.m */ = {isa = PBXFileReference; lastKnownFileType = sourcecode.c.objc; path = MidtransSDKUITests.m; sourceTree = "<group>"; };
		E5D3C7D82192D7710090DDAE /* Info.plist */ = {isa = PBXFileReference; lastKnownFileType = text.plist.xml; path = Info.plist; sourceTree = "<group>"; };
		E5D3C7E52192D8B30090DDAE /* MIDClient.h */ = {isa = PBXFileReference; lastKnownFileType = sourcecode.c.h; path = MIDClient.h; sourceTree = "<group>"; };
		E5D3C7E62192D8B30090DDAE /* MIDClient.m */ = {isa = PBXFileReference; lastKnownFileType = sourcecode.c.objc; path = MIDClient.m; sourceTree = "<group>"; };
		E5D3C7EA2192DB400090DDAE /* MIDGetPaymentTest.m */ = {isa = PBXFileReference; lastKnownFileType = sourcecode.c.objc; path = MIDGetPaymentTest.m; sourceTree = "<group>"; };
		E5EBB4D421C38F8900D317A2 /* MIDCreditCardPayment.h */ = {isa = PBXFileReference; lastKnownFileType = sourcecode.c.h; path = MIDCreditCardPayment.h; sourceTree = "<group>"; };
		E5EBB4D521C38F8900D317A2 /* MIDCreditCardPayment.m */ = {isa = PBXFileReference; lastKnownFileType = sourcecode.c.objc; path = MIDCreditCardPayment.m; sourceTree = "<group>"; };
		E5EBB4D821C396A800D317A2 /* MIDCreditCardResult.h */ = {isa = PBXFileReference; lastKnownFileType = sourcecode.c.h; path = MIDCreditCardResult.h; sourceTree = "<group>"; };
		E5EBB4D921C396A800D317A2 /* MIDCreditCardResult.m */ = {isa = PBXFileReference; lastKnownFileType = sourcecode.c.objc; path = MIDCreditCardResult.m; sourceTree = "<group>"; };
		ECAC031421E459A100D5B561 /* MIDBankTransferBNITest.m */ = {isa = PBXFileReference; lastKnownFileType = sourcecode.c.objc; path = MIDBankTransferBNITest.m; sourceTree = "<group>"; };
		ECAC031621E45E9200D5B561 /* MIDBankTransferMandiriTest.m */ = {isa = PBXFileReference; lastKnownFileType = sourcecode.c.objc; path = MIDBankTransferMandiriTest.m; sourceTree = "<group>"; };
		ECAC031821E473E400D5B561 /* MIDBankTransferPermataTest.m */ = {isa = PBXFileReference; lastKnownFileType = sourcecode.c.objc; path = MIDBankTransferPermataTest.m; sourceTree = "<group>"; };
/* End PBXFileReference section */

/* Begin PBXFrameworksBuildPhase section */
		E5D3C7AC2192D7700090DDAE /* Frameworks */ = {
			isa = PBXFrameworksBuildPhase;
			buildActionMask = 2147483647;
			files = (
			);
			runOnlyForDeploymentPostprocessing = 0;
		};
		E5D3C7C42192D7710090DDAE /* Frameworks */ = {
			isa = PBXFrameworksBuildPhase;
			buildActionMask = 2147483647;
			files = (
			);
			runOnlyForDeploymentPostprocessing = 0;
		};
		E5D3C7CF2192D7710090DDAE /* Frameworks */ = {
			isa = PBXFrameworksBuildPhase;
			buildActionMask = 2147483647;
			files = (
			);
			runOnlyForDeploymentPostprocessing = 0;
		};
/* End PBXFrameworksBuildPhase section */

/* Begin PBXGroup section */
		E515DF3C2195B84A006E615A /* Providers */ = {
			isa = PBXGroup;
			children = (
				E515DF4C2195E9C4006E615A /* MIDVendor.h */,
				E515DF4D2195E9C4006E615A /* MIDVendor.m */,
				E55122CF2195EE0200DA3621 /* MIDConfig.h */,
				E55122D02195EE0200DA3621 /* MIDConfig.m */,
			);
			path = Providers;
			sourceTree = "<group>";
		};
		E515DF412195B966006E615A /* Network */ = {
			isa = PBXGroup;
			children = (
				E5163C05219634BF00A24E59 /* MIDNetworkEnums.h */,
				E515DF3B2195B822006E615A /* MIDNetworkConstants.h */,
				E515DF3E2195B87B006E615A /* MIDNetwork.h */,
				E515DF3F2195B87B006E615A /* MIDNetwork.m */,
				E55122D42195FFBB00DA3621 /* MIDRequestBuilder.h */,
				E55122D52195FFBB00DA3621 /* MIDRequestBuilder.m */,
				E515DF452195C3B3006E615A /* MIDNetworkService.h */,
				E515DF462195C3B3006E615A /* MIDNetworkService.m */,
			);
			path = Network;
			sourceTree = "<group>";
		};
		E5163BFF2196177B00A24E59 /* Protocols */ = {
			isa = PBXGroup;
			children = (
				E55122D82196051200DA3621 /* MIDMappable.h */,
				E597353121A28F3F005C9BA0 /* MIDCheckoutable.h */,
				E581884521A5043B00B10645 /* MIDPayable.h */,
				E597252D21B8D4EA00CC2E30 /* MIDTokenizable.h */,
			);
			path = Protocols;
			sourceTree = "<group>";
		};
		E5163C012196186A00A24E59 /* Checkout */ = {
			isa = PBXGroup;
			children = (
				E58CC6BE21A657FD007879FB /* Sub  */,
				E5163BF8219613FD00A24E59 /* MIDCheckoutTransaction.h */,
				E5163BF9219613FD00A24E59 /* MIDCheckoutTransaction.m */,
				E55122D92196056F00DA3621 /* MIDCustomerDetails.h */,
				E55122DA2196056F00DA3621 /* MIDCustomerDetails.m */,
				E597352E21A28A0C005C9BA0 /* MIDCheckoutItems.h */,
				E597352F21A28A0C005C9BA0 /* MIDCheckoutItems.m */,
				E597353521A2A07F005C9BA0 /* MIDCreditCard.h */,
				E597353621A2A07F005C9BA0 /* MIDCreditCard.m */,
				E58CC6B821A65072007879FB /* MIDCheckoutExpiry.h */,
				E58CC6B921A65072007879FB /* MIDCheckoutExpiry.m */,
				E58CC6BB21A65705007879FB /* MIDCustomField.h */,
				E58CC6BC21A65705007879FB /* MIDCustomField.m */,
				E58CC6C221A6A283007879FB /* MIDCheckoutGoPay.h */,
				E58CC6C321A6A283007879FB /* MIDCheckoutGoPay.m */,
				E5C07D8521DC9A5A0020C858 /* MIDCheckoutIdentifier.h */,
				E5C07D8621DC9A5A0020C858 /* MIDCheckoutIdentifier.m */,
			);
			path = Checkout;
			sourceTree = "<group>";
		};
		E5163C092196CAEB00A24E59 /* Responses */ = {
			isa = PBXGroup;
			children = (
				E5163C0A2196CB0900A24E59 /* MIDToken.h */,
				E5163C0B2196CB0900A24E59 /* MIDToken.m */,
				E5C07D8821DC9F830020C858 /* MIDTokenizeResponse.h */,
				E5C07D8921DC9F840020C858 /* MIDTokenizeResponse.m */,
				E537341521DDE25F0095746A /* MIDPointResponse.h */,
				E537341621DDE25F0095746A /* MIDPointResponse.m */,
				E545E0C921B5027E005C1EB3 /* Payment Result */,
				E5163C2821972F4D00A24E59 /* Payment Info */,
			);
			path = Responses;
			sourceTree = "<group>";
		};
		E5163C2821972F4D00A24E59 /* Payment Info */ = {
			isa = PBXGroup;
			children = (
				E5163C0D2196CC9C00A24E59 /* MIDPaymentInfo.h */,
				E5163C0E2196CC9C00A24E59 /* MIDPaymentInfo.m */,
				E5163C1021972D7800A24E59 /* MIDCallbackInfo.h */,
				E5163C1121972D7800A24E59 /* MIDCallbackInfo.m */,
				E5163C1321972E2E00A24E59 /* MIDCreditCardInfo.h */,
				E5163C1421972E2E00A24E59 /* MIDCreditCardInfo.m */,
				E537341E21DE03B00095746A /* MIDInstallmentInfo.h */,
				E537341F21DE03B00095746A /* MIDInstallmentInfo.m */,
				E57ADEE221D4B8C7001B52AB /* MIDSavedCardInfo.h */,
				E57ADEE321D4B8C7001B52AB /* MIDSavedCardInfo.m */,
				E5163C1621972E4F00A24E59 /* MIDPaymentMethodInfo.h */,
				E5163C1721972E4F00A24E59 /* MIDPaymentMethodInfo.m */,
				E5163C1921972E6F00A24E59 /* MIDNotificationSettingsInfo.h */,
				E5163C1A21972E6F00A24E59 /* MIDNotificationSettingsInfo.m */,
				E5163C1C21972E8800A24E59 /* MIDPreferenceInfo.h */,
				E5163C1D21972E8800A24E59 /* MIDPreferenceInfo.m */,
				E5163C1F21972EA000A24E59 /* MIDMerchantInfo.h */,
				E5163C2021972EA000A24E59 /* MIDMerchantInfo.m */,
				E5163C2221972EB900A24E59 /* MIDPromoInfo.h */,
				E5163C2321972EB900A24E59 /* MIDPromoInfo.m */,
				E5163C2521972EDE00A24E59 /* MIDTransactionInfo.h */,
				E5163C2621972EDE00A24E59 /* MIDTransactionInfo.m */,
			);
			path = "Payment Info";
			sourceTree = "<group>";
		};
		E518D4D621991C7C009C19FF /* Supporting files */ = {
			isa = PBXGroup;
			children = (
				E5D3C7BB2192D7710090DDAE /* Assets.xcassets */,
				E5D3C7B82192D7700090DDAE /* Main.storyboard */,
				E5D3C7BD2192D7710090DDAE /* LaunchScreen.storyboard */,
				E5D3C7C02192D7710090DDAE /* Info.plist */,
				E5D3C7C12192D7710090DDAE /* main.m */,
				E518D4D321991A8E009C19FF /* MidtransSDK-Bridging-Header.h */,
			);
			path = "Supporting files";
			sourceTree = "<group>";
		};
		E518D4D721991C92009C19FF /* View controllers */ = {
			isa = PBXGroup;
			children = (
				E5D3C7B52192D7700090DDAE /* ViewController.h */,
				E5D3C7B62192D7700090DDAE /* ViewController.m */,
				E5C34D7A21E6032E002361C8 /* MIDSwiftViewController.swift */,
			);
			path = "View controllers";
			sourceTree = "<group>";
		};
		E518D4D821991D27009C19FF /* Helpers */ = {
			isa = PBXGroup;
			children = (
				E55122DC2196066400DA3621 /* MIDModelHelper.h */,
				E55122DD2196066400DA3621 /* MIDModelHelper.m */,
				E515DF492195E757006E615A /* MIDNetworkHelper.h */,
				E515DF4A2195E757006E615A /* MIDNetworkHelper.m */,
				E545E0D921B518EE005C1EB3 /* MIDPaymentHelper.h */,
				E545E0DA21B518EE005C1EB3 /* MIDPaymentHelper.m */,
			);
			path = Helpers;
			sourceTree = "<group>";
		};
		E53C0D1C21E34A0E0006852E /* Helper */ = {
			isa = PBXGroup;
			children = (
				E53C0D2021E34A460006852E /* MIDTestHelper.h */,
				E53C0D2121E34A460006852E /* MIDTestHelper.m */,
			);
			path = Helper;
			sourceTree = "<group>";
		};
		E545E0C521B501AA005C1EB3 /* Payment */ = {
			isa = PBXGroup;
			children = (
				E545E0C221B50183005C1EB3 /* MIDBankTransferCharge.h */,
				E545E0C321B50183005C1EB3 /* MIDBankTransferCharge.m */,
				E57F6F9621B65320003CF48F /* MIDEWalletCharge.h */,
				E57F6F9721B65320003CF48F /* MIDEWalletCharge.m */,
				E57F6F9F21B653A6003CF48F /* MIDStoreCharge.h */,
				E57F6FA021B653A6003CF48F /* MIDStoreCharge.m */,
				E57F6F9C21B65395003CF48F /* MIDDirectDebitCharge.h */,
				E57F6F9D21B65395003CF48F /* MIDDirectDebitCharge.m */,
				E500E05121BF8BF7001E694B /* MIDCreditCardCharge.h */,
				E500E05221BF8BF7001E694B /* MIDCreditCardCharge.m */,
				E552253C21D3635900F0217E /* MIDCreditCardTokenizer.h */,
				E552253D21D3635900F0217E /* MIDCreditCardTokenizer.m */,
			);
			path = Payment;
			sourceTree = "<group>";
		};
		E545E0C921B5027E005C1EB3 /* Payment Result */ = {
			isa = PBXGroup;
			children = (
				E58CC6BF21A663FB007879FB /* MIDPaymentResult.h */,
				E58CC6C021A663FB007879FB /* MIDPaymentResult.m */,
				E545E0CD21B503B0005C1EB3 /* MIDBCABankTransferResult.h */,
				E545E0CE21B503B0005C1EB3 /* MIDBCABankTransferResult.m */,
				E545E0D021B503C1005C1EB3 /* MIDBNIBankTransferResult.h */,
				E545E0D121B503C1005C1EB3 /* MIDBNIBankTransferResult.m */,
				E545E0D321B503CD005C1EB3 /* MIDPermataBankTransferResult.h */,
				E545E0D421B503CD005C1EB3 /* MIDPermataBankTransferResult.m */,
				E545E0D621B503DA005C1EB3 /* MIDMandiriBankTransferResult.h */,
				E545E0D721B503DA005C1EB3 /* MIDMandiriBankTransferResult.m */,
				E5D21D5321B636570082ABF8 /* MIDGopayResult.h */,
				E5D21D5421B636570082ABF8 /* MIDGopayResult.m */,
				E5D21D5621B637800082ABF8 /* MIDIndomaretResult.h */,
				E5D21D5721B637800082ABF8 /* MIDIndomaretResult.m */,
				E543E24B21B75B8F00969B7F /* MIDWebPaymentResult.h */,
				E543E24C21B75B8F00969B7F /* MIDWebPaymentResult.m */,
				E597253221B9555400CC2E30 /* MIDClickpayResult.h */,
				E597253321B9555400CC2E30 /* MIDClickpayResult.m */,
				E58DD71321BA2162009C56B7 /* MIDKlikbcaResult.h */,
				E58DD71421BA2162009C56B7 /* MIDKlikbcaResult.m */,
				E5EBB4D821C396A800D317A2 /* MIDCreditCardResult.h */,
				E5EBB4D921C396A800D317A2 /* MIDCreditCardResult.m */,
			);
			path = "Payment Result";
			sourceTree = "<group>";
		};
		E55122D72196026C00DA3621 /* Models */ = {
			isa = PBXGroup;
			children = (
				E597353B21A2BD3F005C9BA0 /* MIDModelEnums.h */,
				E581884121A502A300B10645 /* Payment */,
				E5163C092196CAEB00A24E59 /* Responses */,
				E5163C012196186A00A24E59 /* Checkout */,
				E597253121B8D7CB00CC2E30 /* Tokenize */,
				E57ADEDF21D4A992001B52AB /* MIDChargeInstallment.h */,
				E57ADEE021D4A992001B52AB /* MIDChargeInstallment.m */,
				E57ADEDC21D48419001B52AB /* MIDTokenizeConfig.h */,
				E57ADEDD21D48419001B52AB /* MIDTokenizeConfig.m */,
			);
			path = Models;
			sourceTree = "<group>";
		};
		E581884121A502A300B10645 /* Payment */ = {
			isa = PBXGroup;
			children = (
				E581884721A5097E00B10645 /* MIDWebPayment.h */,
				E581884621A5097E00B10645 /* MIDWebPayment.m */,
				E581884921A50ACB00B10645 /* MIDMandiriClickpayPayment.h */,
				E581884A21A50ACB00B10645 /* MIDMandiriClickpayPayment.m */,
				E5915B2721A50C5200B66855 /* MIDBankTransferPayment.h */,
				E5915B2821A50C5200B66855 /* MIDBankTransferPayment.m */,
				E5915B2A21A510A400B66855 /* MIDKlikbcaPayment.h */,
				E5915B2B21A510A400B66855 /* MIDKlikbcaPayment.m */,
				E5915B2D21A511CC00B66855 /* MIDTelkomselCashPayment.h */,
				E5915B2E21A511CC00B66855 /* MIDTelkomselCashPayment.m */,
				E5317FFB21AD2C6E005C0940 /* MIDGopayPayment.h */,
				E5317FFC21AD2C6E005C0940 /* MIDGopayPayment.m */,
				E5317FFE21AD2C80005C0940 /* MIDIndomaretPayment.h */,
				E5317FFF21AD2C80005C0940 /* MIDIndomaretPayment.m */,
				E5EBB4D421C38F8900D317A2 /* MIDCreditCardPayment.h */,
				E5EBB4D521C38F8900D317A2 /* MIDCreditCardPayment.m */,
			);
			path = Payment;
			sourceTree = "<group>";
		};
		E58CC6BE21A657FD007879FB /* Sub  */ = {
			isa = PBXGroup;
			children = (
				E5163BFB219614A600A24E59 /* MIDAddress.h */,
				E5163BFC219614A600A24E59 /* MIDAddress.m */,
				E55122DF219607DE00DA3621 /* MIDItem.h */,
				E55122E0219607DE00DA3621 /* MIDItem.m */,
				E537341821DDEF490095746A /* MIDInstallmentTerm.h */,
				E537341921DDEF490095746A /* MIDInstallmentTerm.m */,
				E597353821A2AA55005C9BA0 /* MIDInstallment.h */,
				E597353921A2AA55005C9BA0 /* MIDInstallment.m */,
			);
			path = "Sub ";
			sourceTree = "<group>";
		};
		E597253121B8D7CB00CC2E30 /* Tokenize */ = {
			isa = PBXGroup;
			children = (
				E597252E21B8D7C100CC2E30 /* MIDClickpayTokenize.h */,
				E597252F21B8D7C100CC2E30 /* MIDClickpayTokenize.m */,
				E500E05421BF8CD4001E694B /* MIDCreditCardTokenize.h */,
				E500E05521BF8CD4001E694B /* MIDCreditCardTokenize.m */,
			);
			path = Tokenize;
			sourceTree = "<group>";
		};
		E5D3C7A62192D7700090DDAE = {
			isa = PBXGroup;
			children = (
				E5D3C7E42192D7C40090DDAE /* Core */,
				E5D3C7B12192D7700090DDAE /* MidtransSDK */,
				E5D3C7CA2192D7710090DDAE /* MidtransSDKTests */,
				E5D3C7D52192D7710090DDAE /* MidtransSDKUITests */,
				E5D3C7B02192D7700090DDAE /* Products */,
			);
			sourceTree = "<group>";
		};
		E5D3C7B02192D7700090DDAE /* Products */ = {
			isa = PBXGroup;
			children = (
				E5D3C7AF2192D7700090DDAE /* MidtransSDK.app */,
				E5D3C7C72192D7710090DDAE /* MidtransSDKTests.xctest */,
				E5D3C7D22192D7710090DDAE /* MidtransSDKUITests.xctest */,
			);
			name = Products;
			sourceTree = "<group>";
		};
		E5D3C7B12192D7700090DDAE /* MidtransSDK */ = {
			isa = PBXGroup;
			children = (
				E5D3C7B22192D7700090DDAE /* AppDelegate.h */,
				E5D3C7B32192D7700090DDAE /* AppDelegate.m */,
				E518D4D721991C92009C19FF /* View controllers */,
				E518D4D621991C7C009C19FF /* Supporting files */,
			);
			path = MidtransSDK;
			sourceTree = "<group>";
		};
		E5D3C7CA2192D7710090DDAE /* MidtransSDKTests */ = {
			isa = PBXGroup;
			children = (
				E53C0D1C21E34A0E0006852E /* Helper */,
				E5D3C7CD2192D7710090DDAE /* Info.plist */,
				E5D3C7EA2192DB400090DDAE /* MIDGetPaymentTest.m */,
				E55D708E21E8747A00718EDF /* MIDCheckoutTest.m */,
				E543E24E21B7767700969B7F /* MIDBankTransferTest.m */,
				E5C7CD2D21BD56E900C22045 /* MIDEWalletTest.m */,
				E5C7CD2F21BD56FA00C22045 /* MIDStoreTest.m */,
				E5C7CD3121BD570F00C22045 /* MIDDirectDebitTest.m */,
				ECAC031421E459A100D5B561 /* MIDBankTransferBNITest.m */,
				ECAC031621E45E9200D5B561 /* MIDBankTransferMandiriTest.m */,
				ECAC031821E473E400D5B561 /* MIDBankTransferPermataTest.m */,
				E55D708C21E8735800718EDF /* MIDMandiriClickpayTest.m */,
				E55D709021E8782C00718EDF /* MIDKlikbcaTest.m */,
				E530597721EECB3900545CF4 /* MIDCreditCardTest.m */,
			);
			path = MidtransSDKTests;
			sourceTree = "<group>";
		};
		E5D3C7D52192D7710090DDAE /* MidtransSDKUITests */ = {
			isa = PBXGroup;
			children = (
				E5D3C7D62192D7710090DDAE /* MidtransSDKUITests.m */,
				E5D3C7D82192D7710090DDAE /* Info.plist */,
			);
			path = MidtransSDKUITests;
			sourceTree = "<group>";
		};
		E5D3C7E42192D7C40090DDAE /* Core */ = {
			isa = PBXGroup;
			children = (
				E518D4D821991D27009C19FF /* Helpers */,
				E515DF412195B966006E615A /* Network */,
				E5163BFF2196177B00A24E59 /* Protocols */,
				E55122D72196026C00DA3621 /* Models */,
				E515DF3C2195B84A006E615A /* Providers */,
				E545E0C521B501AA005C1EB3 /* Payment */,
				E5D3C7E52192D8B30090DDAE /* MIDClient.h */,
				E5D3C7E62192D8B30090DDAE /* MIDClient.m */,
				E597353421A29475005C9BA0 /* MidtransSDK.h */,
			);
			path = Core;
			sourceTree = "<group>";
		};
/* End PBXGroup section */

/* Begin PBXNativeTarget section */
		E5D3C7AE2192D7700090DDAE /* MidtransSDK */ = {
			isa = PBXNativeTarget;
			buildConfigurationList = E5D3C7DB2192D7710090DDAE /* Build configuration list for PBXNativeTarget "MidtransSDK" */;
			buildPhases = (
				E5D3C7AB2192D7700090DDAE /* Sources */,
				E5D3C7AC2192D7700090DDAE /* Frameworks */,
				E5D3C7AD2192D7700090DDAE /* Resources */,
			);
			buildRules = (
			);
			dependencies = (
			);
			name = MidtransSDK;
			productName = MidtransSDK;
			productReference = E5D3C7AF2192D7700090DDAE /* MidtransSDK.app */;
			productType = "com.apple.product-type.application";
		};
		E5D3C7C62192D7710090DDAE /* MidtransSDKTests */ = {
			isa = PBXNativeTarget;
			buildConfigurationList = E5D3C7DE2192D7710090DDAE /* Build configuration list for PBXNativeTarget "MidtransSDKTests" */;
			buildPhases = (
				E5D3C7C32192D7710090DDAE /* Sources */,
				E5D3C7C42192D7710090DDAE /* Frameworks */,
				E5D3C7C52192D7710090DDAE /* Resources */,
			);
			buildRules = (
			);
			dependencies = (
				E5D3C7C92192D7710090DDAE /* PBXTargetDependency */,
			);
			name = MidtransSDKTests;
			productName = MidtransSDKTests;
			productReference = E5D3C7C72192D7710090DDAE /* MidtransSDKTests.xctest */;
			productType = "com.apple.product-type.bundle.unit-test";
		};
		E5D3C7D12192D7710090DDAE /* MidtransSDKUITests */ = {
			isa = PBXNativeTarget;
			buildConfigurationList = E5D3C7E12192D7710090DDAE /* Build configuration list for PBXNativeTarget "MidtransSDKUITests" */;
			buildPhases = (
				E5D3C7CE2192D7710090DDAE /* Sources */,
				E5D3C7CF2192D7710090DDAE /* Frameworks */,
				E5D3C7D02192D7710090DDAE /* Resources */,
			);
			buildRules = (
			);
			dependencies = (
				E5D3C7D42192D7710090DDAE /* PBXTargetDependency */,
			);
			name = MidtransSDKUITests;
			productName = MidtransSDKUITests;
			productReference = E5D3C7D22192D7710090DDAE /* MidtransSDKUITests.xctest */;
			productType = "com.apple.product-type.bundle.ui-testing";
		};
/* End PBXNativeTarget section */

/* Begin PBXProject section */
		E5D3C7A72192D7700090DDAE /* Project object */ = {
			isa = PBXProject;
			attributes = {
				CLASSPREFIX = MID;
				LastUpgradeCheck = 1010;
				ORGANIZATIONNAME = Midtrans;
				TargetAttributes = {
					E5D3C7AE2192D7700090DDAE = {
						CreatedOnToolsVersion = 10.1;
						LastSwiftMigration = 1010;
					};
					E5D3C7C62192D7710090DDAE = {
						CreatedOnToolsVersion = 10.1;
						TestTargetID = E5D3C7AE2192D7700090DDAE;
					};
					E5D3C7D12192D7710090DDAE = {
						CreatedOnToolsVersion = 10.1;
						TestTargetID = E5D3C7AE2192D7700090DDAE;
					};
				};
			};
			buildConfigurationList = E5D3C7AA2192D7700090DDAE /* Build configuration list for PBXProject "MidtransSDK" */;
			compatibilityVersion = "Xcode 9.3";
			developmentRegion = en;
			hasScannedForEncodings = 0;
			knownRegions = (
				en,
				Base,
			);
			mainGroup = E5D3C7A62192D7700090DDAE;
			productRefGroup = E5D3C7B02192D7700090DDAE /* Products */;
			projectDirPath = "";
			projectRoot = "";
			targets = (
				E5D3C7AE2192D7700090DDAE /* MidtransSDK */,
				E5D3C7C62192D7710090DDAE /* MidtransSDKTests */,
				E5D3C7D12192D7710090DDAE /* MidtransSDKUITests */,
			);
		};
/* End PBXProject section */

/* Begin PBXResourcesBuildPhase section */
		E5D3C7AD2192D7700090DDAE /* Resources */ = {
			isa = PBXResourcesBuildPhase;
			buildActionMask = 2147483647;
			files = (
				E5D3C7BF2192D7710090DDAE /* LaunchScreen.storyboard in Resources */,
				E5D3C7BC2192D7710090DDAE /* Assets.xcassets in Resources */,
				E5D3C7BA2192D7700090DDAE /* Main.storyboard in Resources */,
			);
			runOnlyForDeploymentPostprocessing = 0;
		};
		E5D3C7C52192D7710090DDAE /* Resources */ = {
			isa = PBXResourcesBuildPhase;
			buildActionMask = 2147483647;
			files = (
			);
			runOnlyForDeploymentPostprocessing = 0;
		};
		E5D3C7D02192D7710090DDAE /* Resources */ = {
			isa = PBXResourcesBuildPhase;
			buildActionMask = 2147483647;
			files = (
			);
			runOnlyForDeploymentPostprocessing = 0;
		};
/* End PBXResourcesBuildPhase section */

/* Begin PBXSourcesBuildPhase section */
		E5D3C7AB2192D7700090DDAE /* Sources */ = {
			isa = PBXSourcesBuildPhase;
			buildActionMask = 2147483647;
			files = (
				E57ADEDE21D48419001B52AB /* MIDTokenizeConfig.m in Sources */,
				E5163C0F2196CC9C00A24E59 /* MIDPaymentInfo.m in Sources */,
				E57ADEE421D4B8C7001B52AB /* MIDSavedCardInfo.m in Sources */,
				E545E0D521B503CD005C1EB3 /* MIDPermataBankTransferResult.m in Sources */,
				E58CC6C421A6A283007879FB /* MIDCheckoutGoPay.m in Sources */,
				E581884821A5097E00B10645 /* MIDWebPayment.m in Sources */,
				E57F6FA121B653A6003CF48F /* MIDStoreCharge.m in Sources */,
				E545E0CF21B503B0005C1EB3 /* MIDBCABankTransferResult.m in Sources */,
				E545E0D821B503DA005C1EB3 /* MIDMandiriBankTransferResult.m in Sources */,
				E57F6F9E21B65395003CF48F /* MIDDirectDebitCharge.m in Sources */,
				E597353721A2A07F005C9BA0 /* MIDCreditCard.m in Sources */,
				E5163C1521972E2E00A24E59 /* MIDCreditCardInfo.m in Sources */,
				E597353A21A2AA55005C9BA0 /* MIDInstallment.m in Sources */,
				E55122D12195EE0200DA3621 /* MIDConfig.m in Sources */,
				E515DF472195C3B3006E615A /* MIDNetworkService.m in Sources */,
				E543E24D21B75B8F00969B7F /* MIDWebPaymentResult.m in Sources */,
				E5163C1821972E4F00A24E59 /* MIDPaymentMethodInfo.m in Sources */,
				E537342021DE03B00095746A /* MIDInstallmentInfo.m in Sources */,
				E55122DB2196056F00DA3621 /* MIDCustomerDetails.m in Sources */,
				E545E0DB21B518EE005C1EB3 /* MIDPaymentHelper.m in Sources */,
				E55122E1219607DE00DA3621 /* MIDItem.m in Sources */,
				E57F6F9821B65320003CF48F /* MIDEWalletCharge.m in Sources */,
				E55122D62195FFBB00DA3621 /* MIDRequestBuilder.m in Sources */,
				E5EBB4DA21C396A800D317A2 /* MIDCreditCardResult.m in Sources */,
				E5EBB4D621C38F8900D317A2 /* MIDCreditCardPayment.m in Sources */,
				E537341A21DDEF490095746A /* MIDInstallmentTerm.m in Sources */,
				E5163C1B21972E6F00A24E59 /* MIDNotificationSettingsInfo.m in Sources */,
				E5D3C7B72192D7700090DDAE /* ViewController.m in Sources */,
				E5163C0C2196CB0900A24E59 /* MIDToken.m in Sources */,
				E545E0D221B503C1005C1EB3 /* MIDBNIBankTransferResult.m in Sources */,
				E597253021B8D7C100CC2E30 /* MIDClickpayTokenize.m in Sources */,
				E545E0C421B50183005C1EB3 /* MIDBankTransferCharge.m in Sources */,
				E581884B21A50ACB00B10645 /* MIDMandiriClickpayPayment.m in Sources */,
				E5C34D7B21E6032E002361C8 /* MIDSwiftViewController.swift in Sources */,
				E537341721DDE25F0095746A /* MIDPointResponse.m in Sources */,
				E53A0B3F21BA222600BA0BE0 /* MIDKlikbcaResult.m in Sources */,
				E5163BFD219614A600A24E59 /* MIDAddress.m in Sources */,
				E58CC6C121A663FB007879FB /* MIDPaymentResult.m in Sources */,
				E5C07D8A21DC9F840020C858 /* MIDTokenizeResponse.m in Sources */,
				E5D21D5521B636570082ABF8 /* MIDGopayResult.m in Sources */,
				E5317FFD21AD2C6E005C0940 /* MIDGopayPayment.m in Sources */,
				E5163C2121972EA000A24E59 /* MIDMerchantInfo.m in Sources */,
				E500E05321BF8BF7001E694B /* MIDCreditCardCharge.m in Sources */,
				E500E05621BF8CD4001E694B /* MIDCreditCardTokenize.m in Sources */,
				E5D3C7E72192D8B30090DDAE /* MIDClient.m in Sources */,
				E597353021A28A0C005C9BA0 /* MIDCheckoutItems.m in Sources */,
				E58CC6BD21A65705007879FB /* MIDCustomField.m in Sources */,
				E5163C2421972EB900A24E59 /* MIDPromoInfo.m in Sources */,
				E5D21D5821B637800082ABF8 /* MIDIndomaretResult.m in Sources */,
				E5163BFA219613FD00A24E59 /* MIDCheckoutTransaction.m in Sources */,
				E5163C2721972EDE00A24E59 /* MIDTransactionInfo.m in Sources */,
				E57ADEE121D4A992001B52AB /* MIDChargeInstallment.m in Sources */,
				E5D3C7C22192D7710090DDAE /* main.m in Sources */,
				E5915B2C21A510A400B66855 /* MIDKlikbcaPayment.m in Sources */,
				E515DF402195B87B006E615A /* MIDNetwork.m in Sources */,
				E58CC6BA21A65072007879FB /* MIDCheckoutExpiry.m in Sources */,
				E515DF4B2195E757006E615A /* MIDNetworkHelper.m in Sources */,
				E531800021AD2C80005C0940 /* MIDIndomaretPayment.m in Sources */,
				E5163C1221972D7800A24E59 /* MIDCallbackInfo.m in Sources */,
				E5915B2921A50C5200B66855 /* MIDBankTransferPayment.m in Sources */,
				E597253421B9555400CC2E30 /* MIDClickpayResult.m in Sources */,
				E515DF4E2195E9C4006E615A /* MIDVendor.m in Sources */,
				E5163C1E21972E8800A24E59 /* MIDPreferenceInfo.m in Sources */,
				E55122DE2196066400DA3621 /* MIDModelHelper.m in Sources */,
				E5C07D8721DC9A5A0020C858 /* MIDCheckoutIdentifier.m in Sources */,
				E552253E21D3635900F0217E /* MIDCreditCardTokenizer.m in Sources */,
				E5915B2F21A511CC00B66855 /* MIDTelkomselCashPayment.m in Sources */,
				E5D3C7B42192D7700090DDAE /* AppDelegate.m in Sources */,
			);
			runOnlyForDeploymentPostprocessing = 0;
		};
		E5D3C7C32192D7710090DDAE /* Sources */ = {
			isa = PBXSourcesBuildPhase;
			buildActionMask = 2147483647;
			files = (
				E53C0D2221E34A460006852E /* MIDTestHelper.m in Sources */,
				E5D3C7EB2192DB400090DDAE /* MIDGetPaymentTest.m in Sources */,
				ECAC031721E45E9200D5B561 /* MIDBankTransferMandiriTest.m in Sources */,
				E543E24F21B7767700969B7F /* MIDBankTransferTest.m in Sources */,
				E5C7CD3221BD570F00C22045 /* MIDDirectDebitTest.m in Sources */,
				E55D708D21E8735800718EDF /* MIDMandiriClickpayTest.m in Sources */,
				E55CBF75219BF0C300721462 /* MIDClient.m in Sources */,
				E5C7CD3021BD56FA00C22045 /* MIDStoreTest.m in Sources */,
				E55D709121E8782C00718EDF /* MIDKlikbcaTest.m in Sources */,
				E55D708F21E8747A00718EDF /* MIDCheckoutTest.m in Sources */,
				E5C7CD2E21BD56E900C22045 /* MIDEWalletTest.m in Sources */,
				ECAC031921E473E400D5B561 /* MIDBankTransferPermataTest.m in Sources */,
				ECAC031521E459A100D5B561 /* MIDBankTransferBNITest.m in Sources */,
				E530597821EECB3900545CF4 /* MIDCreditCardTest.m in Sources */,
			);
			runOnlyForDeploymentPostprocessing = 0;
		};
		E5D3C7CE2192D7710090DDAE /* Sources */ = {
			isa = PBXSourcesBuildPhase;
			buildActionMask = 2147483647;
			files = (
				E5D3C7D72192D7710090DDAE /* MidtransSDKUITests.m in Sources */,
			);
			runOnlyForDeploymentPostprocessing = 0;
		};
/* End PBXSourcesBuildPhase section */

/* Begin PBXTargetDependency section */
		E5D3C7C92192D7710090DDAE /* PBXTargetDependency */ = {
			isa = PBXTargetDependency;
			target = E5D3C7AE2192D7700090DDAE /* MidtransSDK */;
			targetProxy = E5D3C7C82192D7710090DDAE /* PBXContainerItemProxy */;
		};
		E5D3C7D42192D7710090DDAE /* PBXTargetDependency */ = {
			isa = PBXTargetDependency;
			target = E5D3C7AE2192D7700090DDAE /* MidtransSDK */;
			targetProxy = E5D3C7D32192D7710090DDAE /* PBXContainerItemProxy */;
		};
/* End PBXTargetDependency section */

/* Begin PBXVariantGroup section */
		E5D3C7B82192D7700090DDAE /* Main.storyboard */ = {
			isa = PBXVariantGroup;
			children = (
				E5D3C7B92192D7700090DDAE /* Base */,
			);
			name = Main.storyboard;
			sourceTree = "<group>";
		};
		E5D3C7BD2192D7710090DDAE /* LaunchScreen.storyboard */ = {
			isa = PBXVariantGroup;
			children = (
				E5D3C7BE2192D7710090DDAE /* Base */,
			);
			name = LaunchScreen.storyboard;
			sourceTree = "<group>";
		};
/* End PBXVariantGroup section */

/* Begin XCBuildConfiguration section */
		E5D3C7D92192D7710090DDAE /* Debug */ = {
			isa = XCBuildConfiguration;
			buildSettings = {
				ALWAYS_SEARCH_USER_PATHS = NO;
				CLANG_ANALYZER_NONNULL = YES;
				CLANG_ANALYZER_NUMBER_OBJECT_CONVERSION = YES_AGGRESSIVE;
				CLANG_CXX_LANGUAGE_STANDARD = "gnu++14";
				CLANG_CXX_LIBRARY = "libc++";
				CLANG_ENABLE_MODULES = YES;
				CLANG_ENABLE_OBJC_ARC = YES;
				CLANG_ENABLE_OBJC_WEAK = YES;
				CLANG_WARN_BLOCK_CAPTURE_AUTORELEASING = YES;
				CLANG_WARN_BOOL_CONVERSION = YES;
				CLANG_WARN_COMMA = YES;
				CLANG_WARN_CONSTANT_CONVERSION = YES;
				CLANG_WARN_DEPRECATED_OBJC_IMPLEMENTATIONS = YES;
				CLANG_WARN_DIRECT_OBJC_ISA_USAGE = YES_ERROR;
				CLANG_WARN_DOCUMENTATION_COMMENTS = YES;
				CLANG_WARN_EMPTY_BODY = YES;
				CLANG_WARN_ENUM_CONVERSION = YES;
				CLANG_WARN_INFINITE_RECURSION = YES;
				CLANG_WARN_INT_CONVERSION = YES;
				CLANG_WARN_NON_LITERAL_NULL_CONVERSION = YES;
				CLANG_WARN_OBJC_IMPLICIT_RETAIN_SELF = YES;
				CLANG_WARN_OBJC_LITERAL_CONVERSION = YES;
				CLANG_WARN_OBJC_ROOT_CLASS = YES_ERROR;
				CLANG_WARN_RANGE_LOOP_ANALYSIS = YES;
				CLANG_WARN_STRICT_PROTOTYPES = YES;
				CLANG_WARN_SUSPICIOUS_MOVE = YES;
				CLANG_WARN_UNGUARDED_AVAILABILITY = YES_AGGRESSIVE;
				CLANG_WARN_UNREACHABLE_CODE = YES;
				CLANG_WARN__DUPLICATE_METHOD_MATCH = YES;
				CODE_SIGN_IDENTITY = "iPhone Developer";
				COPY_PHASE_STRIP = NO;
				DEBUG_INFORMATION_FORMAT = dwarf;
				ENABLE_STRICT_OBJC_MSGSEND = YES;
				ENABLE_TESTABILITY = YES;
				GCC_C_LANGUAGE_STANDARD = gnu11;
				GCC_DYNAMIC_NO_PIC = NO;
				GCC_NO_COMMON_BLOCKS = YES;
				GCC_OPTIMIZATION_LEVEL = 0;
				GCC_PREPROCESSOR_DEFINITIONS = (
					"DEBUG=1",
					"$(inherited)",
				);
				GCC_WARN_64_TO_32_BIT_CONVERSION = YES;
				GCC_WARN_ABOUT_RETURN_TYPE = YES_ERROR;
				GCC_WARN_UNDECLARED_SELECTOR = YES;
				GCC_WARN_UNINITIALIZED_AUTOS = YES_AGGRESSIVE;
				GCC_WARN_UNUSED_FUNCTION = YES;
				GCC_WARN_UNUSED_VARIABLE = YES;
				IPHONEOS_DEPLOYMENT_TARGET = 10.0;
				MTL_ENABLE_DEBUG_INFO = INCLUDE_SOURCE;
				MTL_FAST_MATH = YES;
				ONLY_ACTIVE_ARCH = YES;
				SDKROOT = iphoneos;
			};
			name = Debug;
		};
		E5D3C7DA2192D7710090DDAE /* Release */ = {
			isa = XCBuildConfiguration;
			buildSettings = {
				ALWAYS_SEARCH_USER_PATHS = NO;
				CLANG_ANALYZER_NONNULL = YES;
				CLANG_ANALYZER_NUMBER_OBJECT_CONVERSION = YES_AGGRESSIVE;
				CLANG_CXX_LANGUAGE_STANDARD = "gnu++14";
				CLANG_CXX_LIBRARY = "libc++";
				CLANG_ENABLE_MODULES = YES;
				CLANG_ENABLE_OBJC_ARC = YES;
				CLANG_ENABLE_OBJC_WEAK = YES;
				CLANG_WARN_BLOCK_CAPTURE_AUTORELEASING = YES;
				CLANG_WARN_BOOL_CONVERSION = YES;
				CLANG_WARN_COMMA = YES;
				CLANG_WARN_CONSTANT_CONVERSION = YES;
				CLANG_WARN_DEPRECATED_OBJC_IMPLEMENTATIONS = YES;
				CLANG_WARN_DIRECT_OBJC_ISA_USAGE = YES_ERROR;
				CLANG_WARN_DOCUMENTATION_COMMENTS = YES;
				CLANG_WARN_EMPTY_BODY = YES;
				CLANG_WARN_ENUM_CONVERSION = YES;
				CLANG_WARN_INFINITE_RECURSION = YES;
				CLANG_WARN_INT_CONVERSION = YES;
				CLANG_WARN_NON_LITERAL_NULL_CONVERSION = YES;
				CLANG_WARN_OBJC_IMPLICIT_RETAIN_SELF = YES;
				CLANG_WARN_OBJC_LITERAL_CONVERSION = YES;
				CLANG_WARN_OBJC_ROOT_CLASS = YES_ERROR;
				CLANG_WARN_RANGE_LOOP_ANALYSIS = YES;
				CLANG_WARN_STRICT_PROTOTYPES = YES;
				CLANG_WARN_SUSPICIOUS_MOVE = YES;
				CLANG_WARN_UNGUARDED_AVAILABILITY = YES_AGGRESSIVE;
				CLANG_WARN_UNREACHABLE_CODE = YES;
				CLANG_WARN__DUPLICATE_METHOD_MATCH = YES;
				CODE_SIGN_IDENTITY = "iPhone Developer";
				COPY_PHASE_STRIP = NO;
				DEBUG_INFORMATION_FORMAT = "dwarf-with-dsym";
				ENABLE_NS_ASSERTIONS = NO;
				ENABLE_STRICT_OBJC_MSGSEND = YES;
				GCC_C_LANGUAGE_STANDARD = gnu11;
				GCC_NO_COMMON_BLOCKS = YES;
				GCC_WARN_64_TO_32_BIT_CONVERSION = YES;
				GCC_WARN_ABOUT_RETURN_TYPE = YES_ERROR;
				GCC_WARN_UNDECLARED_SELECTOR = YES;
				GCC_WARN_UNINITIALIZED_AUTOS = YES_AGGRESSIVE;
				GCC_WARN_UNUSED_FUNCTION = YES;
				GCC_WARN_UNUSED_VARIABLE = YES;
				IPHONEOS_DEPLOYMENT_TARGET = 10.0;
				MTL_ENABLE_DEBUG_INFO = NO;
				MTL_FAST_MATH = YES;
				SDKROOT = iphoneos;
				VALIDATE_PRODUCT = YES;
			};
			name = Release;
		};
		E5D3C7DC2192D7710090DDAE /* Debug */ = {
			isa = XCBuildConfiguration;
			buildSettings = {
				ASSETCATALOG_COMPILER_APPICON_NAME = AppIcon;
				CLANG_ENABLE_MODULES = YES;
				CODE_SIGN_STYLE = Automatic;
				DEVELOPMENT_TEAM = G92YEQF267;
				INFOPLIST_FILE = "MidtransSDK/Supporting files/Info.plist";
				LD_RUNPATH_SEARCH_PATHS = (
					"$(inherited)",
					"@executable_path/Frameworks",
				);
				PRODUCT_BUNDLE_IDENTIFIER = com.midtrans.demo;
				PRODUCT_NAME = "$(TARGET_NAME)";
				SWIFT_OBJC_BRIDGING_HEADER = "MidtransSDK/Supporting files/MidtransSDK-Bridging-Header.h";
				SWIFT_OPTIMIZATION_LEVEL = "-Onone";
				SWIFT_VERSION = 4.2;
				TARGETED_DEVICE_FAMILY = 1;
			};
			name = Debug;
		};
		E5D3C7DD2192D7710090DDAE /* Release */ = {
			isa = XCBuildConfiguration;
			buildSettings = {
				ASSETCATALOG_COMPILER_APPICON_NAME = AppIcon;
				CLANG_ENABLE_MODULES = YES;
				CODE_SIGN_STYLE = Automatic;
				DEVELOPMENT_TEAM = G92YEQF267;
				INFOPLIST_FILE = "MidtransSDK/Supporting files/Info.plist";
				LD_RUNPATH_SEARCH_PATHS = (
					"$(inherited)",
					"@executable_path/Frameworks",
				);
				PRODUCT_BUNDLE_IDENTIFIER = com.midtrans.demo;
				PRODUCT_NAME = "$(TARGET_NAME)";
				SWIFT_OBJC_BRIDGING_HEADER = "MidtransSDK/Supporting files/MidtransSDK-Bridging-Header.h";
				SWIFT_VERSION = 4.2;
				TARGETED_DEVICE_FAMILY = 1;
			};
			name = Release;
		};
		E5D3C7DF2192D7710090DDAE /* Debug */ = {
			isa = XCBuildConfiguration;
			buildSettings = {
				ALWAYS_EMBED_SWIFT_STANDARD_LIBRARIES = YES;
				BUNDLE_LOADER = "$(TEST_HOST)";
				CODE_SIGN_STYLE = Automatic;
				DEVELOPMENT_TEAM = G92YEQF267;
				INFOPLIST_FILE = MidtransSDKTests/Info.plist;
				LD_RUNPATH_SEARCH_PATHS = (
					"$(inherited)",
					"@executable_path/Frameworks",
					"@loader_path/Frameworks",
				);
				PRODUCT_BUNDLE_IDENTIFIER = com.midtrans.mobile.MidtransSDKTests;
				PRODUCT_NAME = "$(TARGET_NAME)";
				TARGETED_DEVICE_FAMILY = "1,2";
				TEST_HOST = "$(BUILT_PRODUCTS_DIR)/MidtransSDK.app/MidtransSDK";
			};
			name = Debug;
		};
		E5D3C7E02192D7710090DDAE /* Release */ = {
			isa = XCBuildConfiguration;
			buildSettings = {
				ALWAYS_EMBED_SWIFT_STANDARD_LIBRARIES = YES;
				BUNDLE_LOADER = "$(TEST_HOST)";
				CODE_SIGN_STYLE = Automatic;
				DEVELOPMENT_TEAM = G92YEQF267;
				INFOPLIST_FILE = MidtransSDKTests/Info.plist;
				LD_RUNPATH_SEARCH_PATHS = (
					"$(inherited)",
					"@executable_path/Frameworks",
					"@loader_path/Frameworks",
				);
				PRODUCT_BUNDLE_IDENTIFIER = com.midtrans.mobile.MidtransSDKTests;
				PRODUCT_NAME = "$(TARGET_NAME)";
				TARGETED_DEVICE_FAMILY = "1,2";
				TEST_HOST = "$(BUILT_PRODUCTS_DIR)/MidtransSDK.app/MidtransSDK";
			};
			name = Release;
		};
		E5D3C7E22192D7710090DDAE /* Debug */ = {
			isa = XCBuildConfiguration;
			buildSettings = {
				ALWAYS_EMBED_SWIFT_STANDARD_LIBRARIES = YES;
				CODE_SIGN_STYLE = Automatic;
				DEVELOPMENT_TEAM = G92YEQF267;
				INFOPLIST_FILE = MidtransSDKUITests/Info.plist;
				LD_RUNPATH_SEARCH_PATHS = (
					"$(inherited)",
					"@executable_path/Frameworks",
					"@loader_path/Frameworks",
				);
				PRODUCT_BUNDLE_IDENTIFIER = com.midtrans.mobile.MidtransSDKUITests;
				PRODUCT_NAME = "$(TARGET_NAME)";
				TARGETED_DEVICE_FAMILY = "1,2";
				TEST_TARGET_NAME = MidtransSDK;
			};
			name = Debug;
		};
		E5D3C7E32192D7710090DDAE /* Release */ = {
			isa = XCBuildConfiguration;
			buildSettings = {
				ALWAYS_EMBED_SWIFT_STANDARD_LIBRARIES = YES;
				CODE_SIGN_STYLE = Automatic;
				DEVELOPMENT_TEAM = G92YEQF267;
				INFOPLIST_FILE = MidtransSDKUITests/Info.plist;
				LD_RUNPATH_SEARCH_PATHS = (
					"$(inherited)",
					"@executable_path/Frameworks",
					"@loader_path/Frameworks",
				);
				PRODUCT_BUNDLE_IDENTIFIER = com.midtrans.mobile.MidtransSDKUITests;
				PRODUCT_NAME = "$(TARGET_NAME)";
				TARGETED_DEVICE_FAMILY = "1,2";
				TEST_TARGET_NAME = MidtransSDK;
			};
			name = Release;
		};
/* End XCBuildConfiguration section */

/* Begin XCConfigurationList section */
		E5D3C7AA2192D7700090DDAE /* Build configuration list for PBXProject "MidtransSDK" */ = {
			isa = XCConfigurationList;
			buildConfigurations = (
				E5D3C7D92192D7710090DDAE /* Debug */,
				E5D3C7DA2192D7710090DDAE /* Release */,
			);
			defaultConfigurationIsVisible = 0;
			defaultConfigurationName = Release;
		};
		E5D3C7DB2192D7710090DDAE /* Build configuration list for PBXNativeTarget "MidtransSDK" */ = {
			isa = XCConfigurationList;
			buildConfigurations = (
				E5D3C7DC2192D7710090DDAE /* Debug */,
				E5D3C7DD2192D7710090DDAE /* Release */,
			);
			defaultConfigurationIsVisible = 0;
			defaultConfigurationName = Release;
		};
		E5D3C7DE2192D7710090DDAE /* Build configuration list for PBXNativeTarget "MidtransSDKTests" */ = {
			isa = XCConfigurationList;
			buildConfigurations = (
				E5D3C7DF2192D7710090DDAE /* Debug */,
				E5D3C7E02192D7710090DDAE /* Release */,
			);
			defaultConfigurationIsVisible = 0;
			defaultConfigurationName = Release;
		};
		E5D3C7E12192D7710090DDAE /* Build configuration list for PBXNativeTarget "MidtransSDKUITests" */ = {
			isa = XCConfigurationList;
			buildConfigurations = (
				E5D3C7E22192D7710090DDAE /* Debug */,
				E5D3C7E32192D7710090DDAE /* Release */,
			);
			defaultConfigurationIsVisible = 0;
			defaultConfigurationName = Release;
		};
/* End XCConfigurationList section */
	};
	rootObject = E5D3C7A72192D7700090DDAE /* Project object */;
}
